// !$*UTF8*$!
{
	archiveVersion = 1;
	classes = {
	};
	objectVersion = 46;
	objects = {

/* Begin PBXBuildFile section */
		D4085C521BF0FAD700051436 /* ImageHandler.swift in Sources */ = {isa = PBXBuildFile; fileRef = D4085C511BF0FAD700051436 /* ImageHandler.swift */; };
		D4085C531BF0FADC00051436 /* ImageHandler.swift in Sources */ = {isa = PBXBuildFile; fileRef = D4085C511BF0FAD700051436 /* ImageHandler.swift */; };
		D4085C541BF0FADE00051436 /* ImageHandler.swift in Sources */ = {isa = PBXBuildFile; fileRef = D4085C511BF0FAD700051436 /* ImageHandler.swift */; };
		D408DA321BECC27C00772757 /* PostsTableViewDelegate.swift in Sources */ = {isa = PBXBuildFile; fileRef = D408DA311BECC27C00772757 /* PostsTableViewDelegate.swift */; };
		D408DA331BECC27C00772757 /* PostsTableViewDelegate.swift in Sources */ = {isa = PBXBuildFile; fileRef = D408DA311BECC27C00772757 /* PostsTableViewDelegate.swift */; };
		D408DA341BECC27C00772757 /* PostsTableViewDelegate.swift in Sources */ = {isa = PBXBuildFile; fileRef = D408DA311BECC27C00772757 /* PostsTableViewDelegate.swift */; };
		D4105BEF1BBE65AC006D742D /* ApiProxy.swift in Sources */ = {isa = PBXBuildFile; fileRef = D4105BEE1BBE65AC006D742D /* ApiProxy.swift */; };
		D4105BF01BBE65AC006D742D /* ApiProxy.swift in Sources */ = {isa = PBXBuildFile; fileRef = D4105BEE1BBE65AC006D742D /* ApiProxy.swift */; };
		D4181CC81BAC4456001155B6 /* UserDataValidator.swift in Sources */ = {isa = PBXBuildFile; fileRef = D4181CC71BAC4456001155B6 /* UserDataValidator.swift */; };
		D4181CC91BAC4456001155B6 /* UserDataValidator.swift in Sources */ = {isa = PBXBuildFile; fileRef = D4181CC71BAC4456001155B6 /* UserDataValidator.swift */; };
		D4181CCA1BAC4456001155B6 /* UserDataValidator.swift in Sources */ = {isa = PBXBuildFile; fileRef = D4181CC71BAC4456001155B6 /* UserDataValidator.swift */; };
		D4181CCC1BAC4C28001155B6 /* UserDataValidatorTests.swift in Sources */ = {isa = PBXBuildFile; fileRef = D4181CCB1BAC4C28001155B6 /* UserDataValidatorTests.swift */; };
		D4181CCE1BAC62F0001155B6 /* NetworkHandler.swift in Sources */ = {isa = PBXBuildFile; fileRef = D4181CCD1BAC62F0001155B6 /* NetworkHandler.swift */; };
		D4181CCF1BAC62F0001155B6 /* NetworkHandler.swift in Sources */ = {isa = PBXBuildFile; fileRef = D4181CCD1BAC62F0001155B6 /* NetworkHandler.swift */; };
		D4254AE11BCD9C3600297FCF /* ApiProxy.swift in Sources */ = {isa = PBXBuildFile; fileRef = D4105BEE1BBE65AC006D742D /* ApiProxy.swift */; };
		D4254AE21BCD9C4500297FCF /* Challenge.swift in Sources */ = {isa = PBXBuildFile; fileRef = D462CB711BCBD1D000701EFF /* Challenge.swift */; };
		D4254AE31BCD9C4E00297FCF /* NetworkHandler.swift in Sources */ = {isa = PBXBuildFile; fileRef = D4181CCD1BAC62F0001155B6 /* NetworkHandler.swift */; };
		D4254AE41BCD9C5200297FCF /* Post.swift in Sources */ = {isa = PBXBuildFile; fileRef = D462CB731BCBD3EE00701EFF /* Post.swift */; };
		D4254AE51BCD9C5300297FCF /* Post.swift in Sources */ = {isa = PBXBuildFile; fileRef = D462CB731BCBD3EE00701EFF /* Post.swift */; };
		D4254AE61BCD9C5600297FCF /* ErrorHandler.swift in Sources */ = {isa = PBXBuildFile; fileRef = D48E3C7C1BCCF76C006C702A /* ErrorHandler.swift */; };
		D4254AE81BCD9C7A00297FCF /* ChallengeTableViewCell.swift in Sources */ = {isa = PBXBuildFile; fileRef = D42F96A41BCBFC3B00544C69 /* ChallengeTableViewCell.swift */; };
		D4254AE91BCD9C7B00297FCF /* ChallengeTableViewCell.swift in Sources */ = {isa = PBXBuildFile; fileRef = D42F96A41BCBFC3B00544C69 /* ChallengeTableViewCell.swift */; };
		D4254AEA1BCD9F0D00297FCF /* LoadingProgressViewController.swift in Sources */ = {isa = PBXBuildFile; fileRef = D4BDF8571BC3AD3700028566 /* LoadingProgressViewController.swift */; };
		D42A2E891BF6935E00B96063 /* Alamofire.framework in Frameworks */ = {isa = PBXBuildFile; fileRef = D42A2E881BF6935E00B96063 /* Alamofire.framework */; };
		D42A2E8B1BF6938A00B96063 /* Alamofire.framework.dSYM in CopyFiles */ = {isa = PBXBuildFile; fileRef = D42A2E8A1BF6938A00B96063 /* Alamofire.framework.dSYM */; };
		D42F46701C0DA80800B25D04 /* UIDeviceExtension.swift in Sources */ = {isa = PBXBuildFile; fileRef = D42F466F1C0DA80800B25D04 /* UIDeviceExtension.swift */; };
		D42F46711C0DA80800B25D04 /* UIDeviceExtension.swift in Sources */ = {isa = PBXBuildFile; fileRef = D42F466F1C0DA80800B25D04 /* UIDeviceExtension.swift */; };
		D42F46721C0DA80800B25D04 /* UIDeviceExtension.swift in Sources */ = {isa = PBXBuildFile; fileRef = D42F466F1C0DA80800B25D04 /* UIDeviceExtension.swift */; };
		D42F969D1BCBDE2100544C69 /* Challenge.swift in Sources */ = {isa = PBXBuildFile; fileRef = D462CB711BCBD1D000701EFF /* Challenge.swift */; };
		D42F96A51BCBFC3B00544C69 /* ChallengeTableViewCell.swift in Sources */ = {isa = PBXBuildFile; fileRef = D42F96A41BCBFC3B00544C69 /* ChallengeTableViewCell.swift */; };
		D42F96A71BCC071100544C69 /* LoadingProgressViewController.swift in Sources */ = {isa = PBXBuildFile; fileRef = D4BDF8571BC3AD3700028566 /* LoadingProgressViewController.swift */; };
		D44248EB1BE5405E00C88B50 /* TabBarViewController.swift in Sources */ = {isa = PBXBuildFile; fileRef = D44248EA1BE5405E00C88B50 /* TabBarViewController.swift */; };
		D44248EC1BE5405E00C88B50 /* TabBarViewController.swift in Sources */ = {isa = PBXBuildFile; fileRef = D44248EA1BE5405E00C88B50 /* TabBarViewController.swift */; };
		D44248ED1BE5405E00C88B50 /* TabBarViewController.swift in Sources */ = {isa = PBXBuildFile; fileRef = D44248EA1BE5405E00C88B50 /* TabBarViewController.swift */; };
		D44248F31BE5567800C88B50 /* UIImageExtenstion.swift in Sources */ = {isa = PBXBuildFile; fileRef = D44248F21BE5567800C88B50 /* UIImageExtenstion.swift */; };
		D44248F41BE5567800C88B50 /* UIImageExtenstion.swift in Sources */ = {isa = PBXBuildFile; fileRef = D44248F21BE5567800C88B50 /* UIImageExtenstion.swift */; };
		D44248F51BE5567800C88B50 /* UIImageExtenstion.swift in Sources */ = {isa = PBXBuildFile; fileRef = D44248F21BE5567800C88B50 /* UIImageExtenstion.swift */; };
		D44248F71BE583E100C88B50 /* ChallengeCollection.swift in Sources */ = {isa = PBXBuildFile; fileRef = D44248F61BE583E100C88B50 /* ChallengeCollection.swift */; };
		D44248F81BE583E100C88B50 /* ChallengeCollection.swift in Sources */ = {isa = PBXBuildFile; fileRef = D44248F61BE583E100C88B50 /* ChallengeCollection.swift */; };
		D44248F91BE583E100C88B50 /* ChallengeCollection.swift in Sources */ = {isa = PBXBuildFile; fileRef = D44248F61BE583E100C88B50 /* ChallengeCollection.swift */; };
		D4431D071BBECAE000086759 /* piclet.xcdatamodeld in Sources */ = {isa = PBXBuildFile; fileRef = D4431D051BBECAE000086759 /* piclet.xcdatamodeld */; };
		D4431D0A1BBECB4B00086759 /* User+CoreData.swift in Sources */ = {isa = PBXBuildFile; fileRef = D4431D081BBECB4B00086759 /* User+CoreData.swift */; };
		D4431D0B1BBECB4B00086759 /* User.swift in Sources */ = {isa = PBXBuildFile; fileRef = D4431D091BBECB4B00086759 /* User.swift */; };
		D4431D0C1BBED72800086759 /* User.swift in Sources */ = {isa = PBXBuildFile; fileRef = D4431D091BBECB4B00086759 /* User.swift */; };
		D4431D0D1BBED72900086759 /* User.swift in Sources */ = {isa = PBXBuildFile; fileRef = D4431D091BBECB4B00086759 /* User.swift */; };
		D4431D0E1BBED72E00086759 /* piclet.xcdatamodeld in Sources */ = {isa = PBXBuildFile; fileRef = D4431D051BBECAE000086759 /* piclet.xcdatamodeld */; };
		D4431D0F1BBED73000086759 /* piclet.xcdatamodeld in Sources */ = {isa = PBXBuildFile; fileRef = D4431D051BBECAE000086759 /* piclet.xcdatamodeld */; };
		D4431D101BBED73400086759 /* User+CoreData.swift in Sources */ = {isa = PBXBuildFile; fileRef = D4431D081BBECB4B00086759 /* User+CoreData.swift */; };
		D4431D111BBED73500086759 /* User+CoreData.swift in Sources */ = {isa = PBXBuildFile; fileRef = D4431D081BBECB4B00086759 /* User+CoreData.swift */; };
		D4438DB71BD521DA000CB909 /* CreateChallengeViewController.swift in Sources */ = {isa = PBXBuildFile; fileRef = D4438DB61BD521DA000CB909 /* CreateChallengeViewController.swift */; };
		D4438DB81BD521DA000CB909 /* CreateChallengeViewController.swift in Sources */ = {isa = PBXBuildFile; fileRef = D4438DB61BD521DA000CB909 /* CreateChallengeViewController.swift */; };
		D4438DB91BD521DA000CB909 /* CreateChallengeViewController.swift in Sources */ = {isa = PBXBuildFile; fileRef = D4438DB61BD521DA000CB909 /* CreateChallengeViewController.swift */; };
		D4438DBB1BD57883000CB909 /* CreateTextField.swift in Sources */ = {isa = PBXBuildFile; fileRef = D4438DBA1BD57883000CB909 /* CreateTextField.swift */; };
		D4438DBC1BD57883000CB909 /* CreateTextField.swift in Sources */ = {isa = PBXBuildFile; fileRef = D4438DBA1BD57883000CB909 /* CreateTextField.swift */; };
		D4438DBD1BD57883000CB909 /* CreateTextField.swift in Sources */ = {isa = PBXBuildFile; fileRef = D4438DBA1BD57883000CB909 /* CreateTextField.swift */; };
		D4438DBF1BD60685000CB909 /* TimeHandler.swift in Sources */ = {isa = PBXBuildFile; fileRef = D4438DBE1BD60685000CB909 /* TimeHandler.swift */; };
		D4438DC01BD60685000CB909 /* TimeHandler.swift in Sources */ = {isa = PBXBuildFile; fileRef = D4438DBE1BD60685000CB909 /* TimeHandler.swift */; };
		D4438DC11BD60685000CB909 /* TimeHandler.swift in Sources */ = {isa = PBXBuildFile; fileRef = D4438DBE1BD60685000CB909 /* TimeHandler.swift */; };
		D4438DC61BD60ABD000CB909 /* Localizable.strings in Resources */ = {isa = PBXBuildFile; fileRef = D4438DCA1BD60ABD000CB909 /* Localizable.strings */; };
		D4438DC71BD60ABD000CB909 /* Localizable.strings in Resources */ = {isa = PBXBuildFile; fileRef = D4438DCA1BD60ABD000CB909 /* Localizable.strings */; };
		D4438DC81BD60ABD000CB909 /* Localizable.strings in Resources */ = {isa = PBXBuildFile; fileRef = D4438DCA1BD60ABD000CB909 /* Localizable.strings */; };
		D4438DD41BD61767000CB909 /* AlertControllerExtension.swift in Sources */ = {isa = PBXBuildFile; fileRef = D4438DD31BD61767000CB909 /* AlertControllerExtension.swift */; };
		D4438DD51BD61767000CB909 /* AlertControllerExtension.swift in Sources */ = {isa = PBXBuildFile; fileRef = D4438DD31BD61767000CB909 /* AlertControllerExtension.swift */; };
		D4438DD61BD61767000CB909 /* AlertControllerExtension.swift in Sources */ = {isa = PBXBuildFile; fileRef = D4438DD31BD61767000CB909 /* AlertControllerExtension.swift */; };
		D4445B801BB84D76005D155F /* ObjectMapper.swift in Sources */ = {isa = PBXBuildFile; fileRef = D4445B7F1BB84D76005D155F /* ObjectMapper.swift */; };
		D445264F1BF3BF65007FE8D8 /* WebImage.framework.dSYM in CopyFiles */ = {isa = PBXBuildFile; fileRef = D445264E1BF3BF65007FE8D8 /* WebImage.framework.dSYM */; };
		D45650411C059E3400C428EE /* ProfileCollectionViewController.swift in Sources */ = {isa = PBXBuildFile; fileRef = D45650401C059E3400C428EE /* ProfileCollectionViewController.swift */; };
		D45650421C059E3400C428EE /* ProfileCollectionViewController.swift in Sources */ = {isa = PBXBuildFile; fileRef = D45650401C059E3400C428EE /* ProfileCollectionViewController.swift */; };
		D45650431C059E3400C428EE /* ProfileCollectionViewController.swift in Sources */ = {isa = PBXBuildFile; fileRef = D45650401C059E3400C428EE /* ProfileCollectionViewController.swift */; };
		D462CB721BCBD1D000701EFF /* Challenge.swift in Sources */ = {isa = PBXBuildFile; fileRef = D462CB711BCBD1D000701EFF /* Challenge.swift */; };
		D462CB741BCBD3EE00701EFF /* Post.swift in Sources */ = {isa = PBXBuildFile; fileRef = D462CB731BCBD3EE00701EFF /* Post.swift */; };
		D46494811BEF523900AA48C4 /* ImageUploadViewController.swift in Sources */ = {isa = PBXBuildFile; fileRef = D46494801BEF523900AA48C4 /* ImageUploadViewController.swift */; };
		D46494821BEF523900AA48C4 /* ImageUploadViewController.swift in Sources */ = {isa = PBXBuildFile; fileRef = D46494801BEF523900AA48C4 /* ImageUploadViewController.swift */; };
		D46494831BEF523900AA48C4 /* ImageUploadViewController.swift in Sources */ = {isa = PBXBuildFile; fileRef = D46494801BEF523900AA48C4 /* ImageUploadViewController.swift */; };
		D46494851BEF900C00AA48C4 /* UserAccount.swift in Sources */ = {isa = PBXBuildFile; fileRef = D46494841BEF900C00AA48C4 /* UserAccount.swift */; };
		D46494861BEF900C00AA48C4 /* UserAccount.swift in Sources */ = {isa = PBXBuildFile; fileRef = D46494841BEF900C00AA48C4 /* UserAccount.swift */; };
		D46494871BEF900C00AA48C4 /* UserAccount.swift in Sources */ = {isa = PBXBuildFile; fileRef = D46494841BEF900C00AA48C4 /* UserAccount.swift */; };
		D46912131BAC03C30012CE7C /* AppDelegate.swift in Sources */ = {isa = PBXBuildFile; fileRef = D46912121BAC03C30012CE7C /* AppDelegate.swift */; };
		D46912181BAC03C30012CE7C /* Main.storyboard in Resources */ = {isa = PBXBuildFile; fileRef = D46912161BAC03C30012CE7C /* Main.storyboard */; };
		D469121D1BAC03C30012CE7C /* Assets.xcassets in Resources */ = {isa = PBXBuildFile; fileRef = D469121C1BAC03C30012CE7C /* Assets.xcassets */; };
		D46912201BAC03C30012CE7C /* LaunchScreen.storyboard in Resources */ = {isa = PBXBuildFile; fileRef = D469121E1BAC03C30012CE7C /* LaunchScreen.storyboard */; };
		D46912361BAC03C40012CE7C /* picletUITests.swift in Sources */ = {isa = PBXBuildFile; fileRef = D46912351BAC03C40012CE7C /* picletUITests.swift */; };
		D46912471BAC0D970012CE7C /* LoginViewController.swift in Sources */ = {isa = PBXBuildFile; fileRef = D46912461BAC0D970012CE7C /* LoginViewController.swift */; };
		D46912481BAC0D970012CE7C /* LoginViewController.swift in Sources */ = {isa = PBXBuildFile; fileRef = D46912461BAC0D970012CE7C /* LoginViewController.swift */; };
		D46B6C9F1C046365003E5CCF /* UIImagePickerExtension.swift in Sources */ = {isa = PBXBuildFile; fileRef = D46B6C9E1C046365003E5CCF /* UIImagePickerExtension.swift */; };
		D46B6CA01C046365003E5CCF /* UIImagePickerExtension.swift in Sources */ = {isa = PBXBuildFile; fileRef = D46B6C9E1C046365003E5CCF /* UIImagePickerExtension.swift */; };
		D46B6CA11C046365003E5CCF /* UIImagePickerExtension.swift in Sources */ = {isa = PBXBuildFile; fileRef = D46B6C9E1C046365003E5CCF /* UIImagePickerExtension.swift */; };
		D46D1AF91C02E5C000C712C7 /* PostsViewController.swift in Sources */ = {isa = PBXBuildFile; fileRef = D46D1AF81C02E5C000C712C7 /* PostsViewController.swift */; };
		D46D1AFA1C02E5C000C712C7 /* PostsViewController.swift in Sources */ = {isa = PBXBuildFile; fileRef = D46D1AF81C02E5C000C712C7 /* PostsViewController.swift */; };
		D46D1AFB1C02E5C000C712C7 /* PostsViewController.swift in Sources */ = {isa = PBXBuildFile; fileRef = D46D1AF81C02E5C000C712C7 /* PostsViewController.swift */; };
		D4783E6C1BEDE179007FAF9E /* ImagePickerViewController.swift in Sources */ = {isa = PBXBuildFile; fileRef = D4783E6B1BEDE179007FAF9E /* ImagePickerViewController.swift */; };
		D4783E6D1BEDE179007FAF9E /* ImagePickerViewController.swift in Sources */ = {isa = PBXBuildFile; fileRef = D4783E6B1BEDE179007FAF9E /* ImagePickerViewController.swift */; };
		D4783E6E1BEDE179007FAF9E /* ImagePickerViewController.swift in Sources */ = {isa = PBXBuildFile; fileRef = D4783E6B1BEDE179007FAF9E /* ImagePickerViewController.swift */; };
		D47E5E221BD2939B003E9351 /* PostsTableViewCell.swift in Sources */ = {isa = PBXBuildFile; fileRef = D47E5E211BD2939B003E9351 /* PostsTableViewCell.swift */; };
		D47E5E231BD2939B003E9351 /* PostsTableViewCell.swift in Sources */ = {isa = PBXBuildFile; fileRef = D47E5E211BD2939B003E9351 /* PostsTableViewCell.swift */; };
		D47E5E241BD2939B003E9351 /* PostsTableViewCell.swift in Sources */ = {isa = PBXBuildFile; fileRef = D47E5E211BD2939B003E9351 /* PostsTableViewCell.swift */; };
		D48E3C7D1BCCF76C006C702A /* ErrorHandler.swift in Sources */ = {isa = PBXBuildFile; fileRef = D48E3C7C1BCCF76C006C702A /* ErrorHandler.swift */; };
		D48E3C7E1BCCF76C006C702A /* ErrorHandler.swift in Sources */ = {isa = PBXBuildFile; fileRef = D48E3C7C1BCCF76C006C702A /* ErrorHandler.swift */; };
		D49396461BC2D19600D2D505 /* User+CoreDataTests.swift in Sources */ = {isa = PBXBuildFile; fileRef = D49396451BC2D19600D2D505 /* User+CoreDataTests.swift */; };
		D49A70591BF3BE79004EA711 /* WebImage.framework in Frameworks */ = {isa = PBXBuildFile; fileRef = D49A70581BF3BE79004EA711 /* WebImage.framework */; };
		D4BDF8591BC3AD3700028566 /* LoadingProgressViewController.swift in Sources */ = {isa = PBXBuildFile; fileRef = D4BDF8571BC3AD3700028566 /* LoadingProgressViewController.swift */; };
		D4BDF85C1BC44EBB00028566 /* ProfileViewController.swift in Sources */ = {isa = PBXBuildFile; fileRef = D4BDF85B1BC44EBB00028566 /* ProfileViewController.swift */; };
		D4CDEAAF1BDDFCDD00F4C51B /* ViewControllerExtension.swift in Sources */ = {isa = PBXBuildFile; fileRef = D4CDEAAE1BDDFCDD00F4C51B /* ViewControllerExtension.swift */; };
		D4CDEAB01BDDFCDD00F4C51B /* ViewControllerExtension.swift in Sources */ = {isa = PBXBuildFile; fileRef = D4CDEAAE1BDDFCDD00F4C51B /* ViewControllerExtension.swift */; };
		D4CDEAB11BDDFCDD00F4C51B /* ViewControllerExtension.swift in Sources */ = {isa = PBXBuildFile; fileRef = D4CDEAAE1BDDFCDD00F4C51B /* ViewControllerExtension.swift */; };
		D4F10BA21BF3B9280097E0CE /* ProfileViewController.swift in Sources */ = {isa = PBXBuildFile; fileRef = D4BDF85B1BC44EBB00028566 /* ProfileViewController.swift */; };
		D4F10BA31BF3B9290097E0CE /* ProfileViewController.swift in Sources */ = {isa = PBXBuildFile; fileRef = D4BDF85B1BC44EBB00028566 /* ProfileViewController.swift */; };
		D4F10BA41BF3BA190097E0CE /* ObjectMapper.swift in Sources */ = {isa = PBXBuildFile; fileRef = D4445B7F1BB84D76005D155F /* ObjectMapper.swift */; };
		D4F10BA51BF3BA1A0097E0CE /* ObjectMapper.swift in Sources */ = {isa = PBXBuildFile; fileRef = D4445B7F1BB84D76005D155F /* ObjectMapper.swift */; };
		D4F10BA61BF3BA720097E0CE /* LoginViewController.swift in Sources */ = {isa = PBXBuildFile; fileRef = D46912461BAC0D970012CE7C /* LoginViewController.swift */; };
		D4F10BA71BF3BA780097E0CE /* AppDelegate.swift in Sources */ = {isa = PBXBuildFile; fileRef = D46912121BAC03C30012CE7C /* AppDelegate.swift */; };
		D4F10BA81BF3BA7A0097E0CE /* AppDelegate.swift in Sources */ = {isa = PBXBuildFile; fileRef = D46912121BAC03C30012CE7C /* AppDelegate.swift */; };
		D4FA80BA1BDAAB63004682CB /* ChallengeViewController.swift in Sources */ = {isa = PBXBuildFile; fileRef = D4FA80B91BDAAB63004682CB /* ChallengeViewController.swift */; };
		D4FA80BB1BDAAB63004682CB /* ChallengeViewController.swift in Sources */ = {isa = PBXBuildFile; fileRef = D4FA80B91BDAAB63004682CB /* ChallengeViewController.swift */; };
		D4FA80BC1BDAAB63004682CB /* ChallengeViewController.swift in Sources */ = {isa = PBXBuildFile; fileRef = D4FA80B91BDAAB63004682CB /* ChallengeViewController.swift */; };
		D4FA80BE1BDAAE1F004682CB /* NavigationViewController.swift in Sources */ = {isa = PBXBuildFile; fileRef = D4FA80BD1BDAAE1F004682CB /* NavigationViewController.swift */; };
		D4FA80BF1BDAAE1F004682CB /* NavigationViewController.swift in Sources */ = {isa = PBXBuildFile; fileRef = D4FA80BD1BDAAE1F004682CB /* NavigationViewController.swift */; };
		D4FA80C01BDAAE1F004682CB /* NavigationViewController.swift in Sources */ = {isa = PBXBuildFile; fileRef = D4FA80BD1BDAAE1F004682CB /* NavigationViewController.swift */; };
/* End PBXBuildFile section */

/* Begin PBXContainerItemProxy section */
		D46912271BAC03C30012CE7C /* PBXContainerItemProxy */ = {
			isa = PBXContainerItemProxy;
			containerPortal = D46912071BAC03C30012CE7C /* Project object */;
			proxyType = 1;
			remoteGlobalIDString = D469120E1BAC03C30012CE7C;
			remoteInfo = piclet;
		};
		D46912321BAC03C30012CE7C /* PBXContainerItemProxy */ = {
			isa = PBXContainerItemProxy;
			containerPortal = D46912071BAC03C30012CE7C /* Project object */;
			proxyType = 1;
			remoteGlobalIDString = D469120E1BAC03C30012CE7C;
			remoteInfo = piclet;
		};
/* End PBXContainerItemProxy section */

/* Begin PBXCopyFilesBuildPhase section */
		D445264D1BF3BF2D007FE8D8 /* CopyFiles */ = {
			isa = PBXCopyFilesBuildPhase;
			buildActionMask = 2147483647;
			dstPath = "";
			dstSubfolderSpec = 16;
			files = (
				D42A2E8B1BF6938A00B96063 /* Alamofire.framework.dSYM in CopyFiles */,
				D445264F1BF3BF65007FE8D8 /* WebImage.framework.dSYM in CopyFiles */,
			);
			runOnlyForDeploymentPostprocessing = 0;
		};
/* End PBXCopyFilesBuildPhase section */

/* Begin PBXFileReference section */
		D4085C511BF0FAD700051436 /* ImageHandler.swift */ = {isa = PBXFileReference; fileEncoding = 4; lastKnownFileType = sourcecode.swift; path = ImageHandler.swift; sourceTree = "<group>"; };
		D408DA311BECC27C00772757 /* PostsTableViewDelegate.swift */ = {isa = PBXFileReference; fileEncoding = 4; lastKnownFileType = sourcecode.swift; path = PostsTableViewDelegate.swift; sourceTree = "<group>"; };
		D4105BEE1BBE65AC006D742D /* ApiProxy.swift */ = {isa = PBXFileReference; fileEncoding = 4; lastKnownFileType = sourcecode.swift; path = ApiProxy.swift; sourceTree = "<group>"; };
		D4181CC71BAC4456001155B6 /* UserDataValidator.swift */ = {isa = PBXFileReference; fileEncoding = 4; lastKnownFileType = sourcecode.swift; path = UserDataValidator.swift; sourceTree = "<group>"; };
		D4181CCB1BAC4C28001155B6 /* UserDataValidatorTests.swift */ = {isa = PBXFileReference; fileEncoding = 4; lastKnownFileType = sourcecode.swift; path = UserDataValidatorTests.swift; sourceTree = "<group>"; };
		D4181CCD1BAC62F0001155B6 /* NetworkHandler.swift */ = {isa = PBXFileReference; fileEncoding = 4; lastKnownFileType = sourcecode.swift; path = NetworkHandler.swift; sourceTree = "<group>"; };
		D42A2E881BF6935E00B96063 /* Alamofire.framework */ = {isa = PBXFileReference; lastKnownFileType = wrapper.framework; name = Alamofire.framework; path = Carthage/Build/iOS/Alamofire.framework; sourceTree = "<group>"; };
		D42A2E8A1BF6938A00B96063 /* Alamofire.framework.dSYM */ = {isa = PBXFileReference; lastKnownFileType = wrapper.dsym; name = Alamofire.framework.dSYM; path = Carthage/Build/iOS/Alamofire.framework.dSYM; sourceTree = "<group>"; };
		D42F466F1C0DA80800B25D04 /* UIDeviceExtension.swift */ = {isa = PBXFileReference; fileEncoding = 4; lastKnownFileType = sourcecode.swift; path = UIDeviceExtension.swift; sourceTree = "<group>"; };
		D42F96A41BCBFC3B00544C69 /* ChallengeTableViewCell.swift */ = {isa = PBXFileReference; fileEncoding = 4; lastKnownFileType = sourcecode.swift; path = ChallengeTableViewCell.swift; sourceTree = "<group>"; };
		D44248EA1BE5405E00C88B50 /* TabBarViewController.swift */ = {isa = PBXFileReference; fileEncoding = 4; lastKnownFileType = sourcecode.swift; path = TabBarViewController.swift; sourceTree = "<group>"; };
		D44248F21BE5567800C88B50 /* UIImageExtenstion.swift */ = {isa = PBXFileReference; fileEncoding = 4; lastKnownFileType = sourcecode.swift; path = UIImageExtenstion.swift; sourceTree = "<group>"; };
		D44248F61BE583E100C88B50 /* ChallengeCollection.swift */ = {isa = PBXFileReference; fileEncoding = 4; lastKnownFileType = sourcecode.swift; path = ChallengeCollection.swift; sourceTree = "<group>"; };
		D4431D061BBECAE000086759 /* piclet.xcdatamodel */ = {isa = PBXFileReference; lastKnownFileType = wrapper.xcdatamodel; path = piclet.xcdatamodel; sourceTree = "<group>"; };
		D4431D081BBECB4B00086759 /* User+CoreData.swift */ = {isa = PBXFileReference; fileEncoding = 4; lastKnownFileType = sourcecode.swift; path = "User+CoreData.swift"; sourceTree = "<group>"; };
		D4431D091BBECB4B00086759 /* User.swift */ = {isa = PBXFileReference; fileEncoding = 4; lastKnownFileType = sourcecode.swift; path = User.swift; sourceTree = "<group>"; };
		D4438DB61BD521DA000CB909 /* CreateChallengeViewController.swift */ = {isa = PBXFileReference; fileEncoding = 4; lastKnownFileType = sourcecode.swift; path = CreateChallengeViewController.swift; sourceTree = "<group>"; };
		D4438DBA1BD57883000CB909 /* CreateTextField.swift */ = {isa = PBXFileReference; fileEncoding = 4; lastKnownFileType = sourcecode.swift; path = CreateTextField.swift; sourceTree = "<group>"; };
		D4438DBE1BD60685000CB909 /* TimeHandler.swift */ = {isa = PBXFileReference; fileEncoding = 4; lastKnownFileType = sourcecode.swift; path = TimeHandler.swift; sourceTree = "<group>"; };
		D4438DC91BD60ABD000CB909 /* en */ = {isa = PBXFileReference; lastKnownFileType = text.plist.strings; name = en; path = en.lproj/Localizable.strings; sourceTree = "<group>"; };
		D4438DCB1BD60B87000CB909 /* de */ = {isa = PBXFileReference; lastKnownFileType = text.plist.strings; name = de; path = de.lproj/Main.strings; sourceTree = "<group>"; };
		D4438DCC1BD60B87000CB909 /* de */ = {isa = PBXFileReference; lastKnownFileType = text.plist.strings; name = de; path = de.lproj/LaunchScreen.strings; sourceTree = "<group>"; };
		D4438DCD1BD60B87000CB909 /* de */ = {isa = PBXFileReference; lastKnownFileType = text.plist.strings; name = de; path = de.lproj/Localizable.strings; sourceTree = "<group>"; };
		D4438DD31BD61767000CB909 /* AlertControllerExtension.swift */ = {isa = PBXFileReference; fileEncoding = 4; lastKnownFileType = sourcecode.swift; path = AlertControllerExtension.swift; sourceTree = "<group>"; };
		D4445B7F1BB84D76005D155F /* ObjectMapper.swift */ = {isa = PBXFileReference; fileEncoding = 4; lastKnownFileType = sourcecode.swift; path = ObjectMapper.swift; sourceTree = "<group>"; };
		D445264E1BF3BF65007FE8D8 /* WebImage.framework.dSYM */ = {isa = PBXFileReference; lastKnownFileType = wrapper.dsym; name = WebImage.framework.dSYM; path = Carthage/Build/iOS/WebImage.framework.dSYM; sourceTree = "<group>"; };
		D44526501BF3C28A007FE8D8 /* piclet-Bridging-Header.h */ = {isa = PBXFileReference; lastKnownFileType = sourcecode.c.h; path = "piclet-Bridging-Header.h"; sourceTree = "<group>"; };
		D45650401C059E3400C428EE /* ProfileCollectionViewController.swift */ = {isa = PBXFileReference; fileEncoding = 4; lastKnownFileType = sourcecode.swift; path = ProfileCollectionViewController.swift; sourceTree = "<group>"; };
		D462CB711BCBD1D000701EFF /* Challenge.swift */ = {isa = PBXFileReference; fileEncoding = 4; lastKnownFileType = sourcecode.swift; path = Challenge.swift; sourceTree = "<group>"; };
		D462CB731BCBD3EE00701EFF /* Post.swift */ = {isa = PBXFileReference; fileEncoding = 4; lastKnownFileType = sourcecode.swift; path = Post.swift; sourceTree = "<group>"; };
		D46494801BEF523900AA48C4 /* ImageUploadViewController.swift */ = {isa = PBXFileReference; fileEncoding = 4; lastKnownFileType = sourcecode.swift; path = ImageUploadViewController.swift; sourceTree = "<group>"; };
		D46494841BEF900C00AA48C4 /* UserAccount.swift */ = {isa = PBXFileReference; fileEncoding = 4; lastKnownFileType = sourcecode.swift; path = UserAccount.swift; sourceTree = "<group>"; };
		D469120F1BAC03C30012CE7C /* piclet.app */ = {isa = PBXFileReference; explicitFileType = wrapper.application; includeInIndex = 0; path = piclet.app; sourceTree = BUILT_PRODUCTS_DIR; };
		D46912121BAC03C30012CE7C /* AppDelegate.swift */ = {isa = PBXFileReference; lastKnownFileType = sourcecode.swift; path = AppDelegate.swift; sourceTree = "<group>"; };
		D46912171BAC03C30012CE7C /* Base */ = {isa = PBXFileReference; lastKnownFileType = file.storyboard; name = Base; path = Base.lproj/Main.storyboard; sourceTree = "<group>"; };
		D469121C1BAC03C30012CE7C /* Assets.xcassets */ = {isa = PBXFileReference; lastKnownFileType = folder.assetcatalog; path = Assets.xcassets; sourceTree = "<group>"; };
		D469121F1BAC03C30012CE7C /* Base */ = {isa = PBXFileReference; lastKnownFileType = file.storyboard; name = Base; path = Base.lproj/LaunchScreen.storyboard; sourceTree = "<group>"; };
		D46912211BAC03C30012CE7C /* Info.plist */ = {isa = PBXFileReference; lastKnownFileType = text.plist.xml; path = Info.plist; sourceTree = "<group>"; };
		D46912261BAC03C30012CE7C /* picletTests.xctest */ = {isa = PBXFileReference; explicitFileType = wrapper.cfbundle; includeInIndex = 0; path = picletTests.xctest; sourceTree = BUILT_PRODUCTS_DIR; };
		D469122C1BAC03C30012CE7C /* Info.plist */ = {isa = PBXFileReference; lastKnownFileType = text.plist.xml; path = Info.plist; sourceTree = "<group>"; };
		D46912311BAC03C30012CE7C /* picletUITests.xctest */ = {isa = PBXFileReference; explicitFileType = wrapper.cfbundle; includeInIndex = 0; path = picletUITests.xctest; sourceTree = BUILT_PRODUCTS_DIR; };
		D46912351BAC03C40012CE7C /* picletUITests.swift */ = {isa = PBXFileReference; lastKnownFileType = sourcecode.swift; path = picletUITests.swift; sourceTree = "<group>"; };
		D46912371BAC03C40012CE7C /* Info.plist */ = {isa = PBXFileReference; lastKnownFileType = text.plist.xml; path = Info.plist; sourceTree = "<group>"; };
		D46912461BAC0D970012CE7C /* LoginViewController.swift */ = {isa = PBXFileReference; fileEncoding = 4; lastKnownFileType = sourcecode.swift; path = LoginViewController.swift; sourceTree = "<group>"; };
		D46B6C9E1C046365003E5CCF /* UIImagePickerExtension.swift */ = {isa = PBXFileReference; fileEncoding = 4; lastKnownFileType = sourcecode.swift; path = UIImagePickerExtension.swift; sourceTree = "<group>"; };
		D46D1AF81C02E5C000C712C7 /* PostsViewController.swift */ = {isa = PBXFileReference; fileEncoding = 4; lastKnownFileType = sourcecode.swift; path = PostsViewController.swift; sourceTree = "<group>"; };
		D4783E6B1BEDE179007FAF9E /* ImagePickerViewController.swift */ = {isa = PBXFileReference; fileEncoding = 4; lastKnownFileType = sourcecode.swift; path = ImagePickerViewController.swift; sourceTree = "<group>"; };
		D47E5E211BD2939B003E9351 /* PostsTableViewCell.swift */ = {isa = PBXFileReference; fileEncoding = 4; lastKnownFileType = sourcecode.swift; path = PostsTableViewCell.swift; sourceTree = "<group>"; };
		D48E3C7C1BCCF76C006C702A /* ErrorHandler.swift */ = {isa = PBXFileReference; fileEncoding = 4; lastKnownFileType = sourcecode.swift; path = ErrorHandler.swift; sourceTree = "<group>"; };
		D49396451BC2D19600D2D505 /* User+CoreDataTests.swift */ = {isa = PBXFileReference; fileEncoding = 4; lastKnownFileType = sourcecode.swift; path = "User+CoreDataTests.swift"; sourceTree = "<group>"; };
		D49A70581BF3BE79004EA711 /* WebImage.framework */ = {isa = PBXFileReference; lastKnownFileType = wrapper.framework; name = WebImage.framework; path = Carthage/Build/iOS/WebImage.framework; sourceTree = "<group>"; };
		D4BDF8571BC3AD3700028566 /* LoadingProgressViewController.swift */ = {isa = PBXFileReference; fileEncoding = 4; lastKnownFileType = sourcecode.swift; path = LoadingProgressViewController.swift; sourceTree = "<group>"; };
		D4BDF85B1BC44EBB00028566 /* ProfileViewController.swift */ = {isa = PBXFileReference; fileEncoding = 4; lastKnownFileType = sourcecode.swift; path = ProfileViewController.swift; sourceTree = "<group>"; };
		D4CDEAAE1BDDFCDD00F4C51B /* ViewControllerExtension.swift */ = {isa = PBXFileReference; fileEncoding = 4; lastKnownFileType = sourcecode.swift; path = ViewControllerExtension.swift; sourceTree = "<group>"; };
		D4FA80B91BDAAB63004682CB /* ChallengeViewController.swift */ = {isa = PBXFileReference; fileEncoding = 4; lastKnownFileType = sourcecode.swift; path = ChallengeViewController.swift; sourceTree = "<group>"; };
		D4FA80BD1BDAAE1F004682CB /* NavigationViewController.swift */ = {isa = PBXFileReference; fileEncoding = 4; lastKnownFileType = sourcecode.swift; path = NavigationViewController.swift; sourceTree = "<group>"; };
/* End PBXFileReference section */

/* Begin PBXFrameworksBuildPhase section */
		D469120C1BAC03C30012CE7C /* Frameworks */ = {
			isa = PBXFrameworksBuildPhase;
			buildActionMask = 2147483647;
			files = (
				D42A2E891BF6935E00B96063 /* Alamofire.framework in Frameworks */,
				D49A70591BF3BE79004EA711 /* WebImage.framework in Frameworks */,
			);
			runOnlyForDeploymentPostprocessing = 0;
		};
		D46912231BAC03C30012CE7C /* Frameworks */ = {
			isa = PBXFrameworksBuildPhase;
			buildActionMask = 2147483647;
			files = (
			);
			runOnlyForDeploymentPostprocessing = 0;
		};
		D469122E1BAC03C30012CE7C /* Frameworks */ = {
			isa = PBXFrameworksBuildPhase;
			buildActionMask = 2147483647;
			files = (
			);
			runOnlyForDeploymentPostprocessing = 0;
		};
/* End PBXFrameworksBuildPhase section */

/* Begin PBXGroup section */
		7244FEF7F9F0A29AAA20F52B /* Frameworks */ = {
			isa = PBXGroup;
			children = (
				D42A2E881BF6935E00B96063 /* Alamofire.framework */,
				D42A2E8A1BF6938A00B96063 /* Alamofire.framework.dSYM */,
				D49A70581BF3BE79004EA711 /* WebImage.framework */,
				D445264E1BF3BF65007FE8D8 /* WebImage.framework.dSYM */,
			);
			name = Frameworks;
			sourceTree = "<group>";
		};
		D4438DB51BD521B2000CB909 /* CreateChallenge */ = {
			isa = PBXGroup;
			children = (
				D4438DB61BD521DA000CB909 /* CreateChallengeViewController.swift */,
				D4438DBA1BD57883000CB909 /* CreateTextField.swift */,
			);
			name = CreateChallenge;
			sourceTree = "<group>";
		};
		D4438DD21BD6159C000CB909 /* Extension */ = {
			isa = PBXGroup;
			children = (
				D44248F21BE5567800C88B50 /* UIImageExtenstion.swift */,
				D4438DD31BD61767000CB909 /* AlertControllerExtension.swift */,
				D4CDEAAE1BDDFCDD00F4C51B /* ViewControllerExtension.swift */,
				D46B6C9E1C046365003E5CCF /* UIImagePickerExtension.swift */,
				D42F466F1C0DA80800B25D04 /* UIDeviceExtension.swift */,
			);
			name = Extension;
			sourceTree = "<group>";
		};
		D46912061BAC03C30012CE7C = {
			isa = PBXGroup;
			children = (
				D46912111BAC03C30012CE7C /* piclet */,
				D46912291BAC03C30012CE7C /* picletTests */,
				D46912341BAC03C30012CE7C /* picletUITests */,
				D46912101BAC03C30012CE7C /* Products */,
				7244FEF7F9F0A29AAA20F52B /* Frameworks */,
			);
			sourceTree = "<group>";
		};
		D46912101BAC03C30012CE7C /* Products */ = {
			isa = PBXGroup;
			children = (
				D469120F1BAC03C30012CE7C /* piclet.app */,
				D46912261BAC03C30012CE7C /* picletTests.xctest */,
				D46912311BAC03C30012CE7C /* picletUITests.xctest */,
			);
			name = Products;
			sourceTree = "<group>";
		};
		D46912111BAC03C30012CE7C /* piclet */ = {
			isa = PBXGroup;
			children = (
				D4438DD21BD6159C000CB909 /* Extension */,
				D46912441BAC0D600012CE7C /* Model */,
				D46912451BAC0D650012CE7C /* Storyboard */,
				D46912431BAC0D590012CE7C /* ViewController */,
				D469124A1BAC0DB60012CE7C /* Others */,
			);
			path = piclet;
			sourceTree = "<group>";
		};
		D46912291BAC03C30012CE7C /* picletTests */ = {
			isa = PBXGroup;
			children = (
				D4181CCB1BAC4C28001155B6 /* UserDataValidatorTests.swift */,
				D49396451BC2D19600D2D505 /* User+CoreDataTests.swift */,
				D469122C1BAC03C30012CE7C /* Info.plist */,
			);
			path = picletTests;
			sourceTree = "<group>";
		};
		D46912341BAC03C30012CE7C /* picletUITests */ = {
			isa = PBXGroup;
			children = (
				D46912351BAC03C40012CE7C /* picletUITests.swift */,
				D46912371BAC03C40012CE7C /* Info.plist */,
			);
			path = picletUITests;
			sourceTree = "<group>";
		};
		D46912431BAC0D590012CE7C /* ViewController */ = {
			isa = PBXGroup;
			children = (
				D47E5E251BD293A0003E9351 /* Challenges */,
				D47E5E261BD293AE003E9351 /* Posts */,
				D4783E6A1BEDE07D007FAF9E /* CreatePost */,
				D4438DB51BD521B2000CB909 /* CreateChallenge */,
				D47E5E271BD293BD003E9351 /* Profile */,
				D4BDF8571BC3AD3700028566 /* LoadingProgressViewController.swift */,
				D46912461BAC0D970012CE7C /* LoginViewController.swift */,
				D4FA80BD1BDAAE1F004682CB /* NavigationViewController.swift */,
				D44248EA1BE5405E00C88B50 /* TabBarViewController.swift */,
			);
			name = ViewController;
			sourceTree = "<group>";
		};
		D46912441BAC0D600012CE7C /* Model */ = {
			isa = PBXGroup;
			children = (
				D4B609C71BBE8F8500697AFA /* CoreData */,
				D4181CC71BAC4456001155B6 /* UserDataValidator.swift */,
				D4105BEE1BBE65AC006D742D /* ApiProxy.swift */,
				D4445B7F1BB84D76005D155F /* ObjectMapper.swift */,
				D4181CCD1BAC62F0001155B6 /* NetworkHandler.swift */,
				D44248F61BE583E100C88B50 /* ChallengeCollection.swift */,
				D462CB711BCBD1D000701EFF /* Challenge.swift */,
				D462CB731BCBD3EE00701EFF /* Post.swift */,
				D48E3C7C1BCCF76C006C702A /* ErrorHandler.swift */,
				D4438DBE1BD60685000CB909 /* TimeHandler.swift */,
				D46494841BEF900C00AA48C4 /* UserAccount.swift */,
				D4085C511BF0FAD700051436 /* ImageHandler.swift */,
			);
			name = Model;
			sourceTree = "<group>";
		};
		D46912451BAC0D650012CE7C /* Storyboard */ = {
			isa = PBXGroup;
			children = (
				D46912161BAC03C30012CE7C /* Main.storyboard */,
				D469121E1BAC03C30012CE7C /* LaunchScreen.storyboard */,
			);
			name = Storyboard;
			sourceTree = "<group>";
		};
		D469124A1BAC0DB60012CE7C /* Others */ = {
			isa = PBXGroup;
			children = (
				D46912121BAC03C30012CE7C /* AppDelegate.swift */,
				D44526501BF3C28A007FE8D8 /* piclet-Bridging-Header.h */,
				D469121C1BAC03C30012CE7C /* Assets.xcassets */,
				D46912211BAC03C30012CE7C /* Info.plist */,
				D4438DCA1BD60ABD000CB909 /* Localizable.strings */,
			);
			name = Others;
			sourceTree = "<group>";
		};
		D4783E6A1BEDE07D007FAF9E /* CreatePost */ = {
			isa = PBXGroup;
			children = (
				D4783E6B1BEDE179007FAF9E /* ImagePickerViewController.swift */,
				D46494801BEF523900AA48C4 /* ImageUploadViewController.swift */,
			);
			name = CreatePost;
			sourceTree = "<group>";
		};
		D47E5E251BD293A0003E9351 /* Challenges */ = {
			isa = PBXGroup;
			children = (
				D4FA80B91BDAAB63004682CB /* ChallengeViewController.swift */,
				D42F96A41BCBFC3B00544C69 /* ChallengeTableViewCell.swift */,
			);
			name = Challenges;
			sourceTree = "<group>";
		};
		D47E5E261BD293AE003E9351 /* Posts */ = {
			isa = PBXGroup;
			children = (
				D46D1AF81C02E5C000C712C7 /* PostsViewController.swift */,
				D47E5E211BD2939B003E9351 /* PostsTableViewCell.swift */,
				D408DA311BECC27C00772757 /* PostsTableViewDelegate.swift */,
			);
			name = Posts;
			sourceTree = "<group>";
		};
		D47E5E271BD293BD003E9351 /* Profile */ = {
			isa = PBXGroup;
			children = (
				D4BDF85B1BC44EBB00028566 /* ProfileViewController.swift */,
				D45650401C059E3400C428EE /* ProfileCollectionViewController.swift */,
			);
			name = Profile;
			sourceTree = "<group>";
		};
		D4B609C71BBE8F8500697AFA /* CoreData */ = {
			isa = PBXGroup;
			children = (
				D4431D091BBECB4B00086759 /* User.swift */,
				D4431D081BBECB4B00086759 /* User+CoreData.swift */,
				D4431D051BBECAE000086759 /* piclet.xcdatamodeld */,
			);
			name = CoreData;
			sourceTree = "<group>";
		};
/* End PBXGroup section */

/* Begin PBXNativeTarget section */
		D469120E1BAC03C30012CE7C /* piclet */ = {
			isa = PBXNativeTarget;
			buildConfigurationList = D469123A1BAC03C40012CE7C /* Build configuration list for PBXNativeTarget "piclet" */;
			buildPhases = (
				D469120B1BAC03C30012CE7C /* Sources */,
				D469120C1BAC03C30012CE7C /* Frameworks */,
				D469120D1BAC03C30012CE7C /* Resources */,
				D445264C1BF3BEBD007FE8D8 /* ShellScript */,
				D445264D1BF3BF2D007FE8D8 /* CopyFiles */,
			);
			buildRules = (
			);
			dependencies = (
			);
			name = piclet;
			productName = piclet;
			productReference = D469120F1BAC03C30012CE7C /* piclet.app */;
			productType = "com.apple.product-type.application";
		};
		D46912251BAC03C30012CE7C /* picletTests */ = {
			isa = PBXNativeTarget;
			buildConfigurationList = D469123D1BAC03C40012CE7C /* Build configuration list for PBXNativeTarget "picletTests" */;
			buildPhases = (
				D46912221BAC03C30012CE7C /* Sources */,
				D46912231BAC03C30012CE7C /* Frameworks */,
				D46912241BAC03C30012CE7C /* Resources */,
			);
			buildRules = (
			);
			dependencies = (
				D46912281BAC03C30012CE7C /* PBXTargetDependency */,
			);
			name = picletTests;
			productName = picletTests;
			productReference = D46912261BAC03C30012CE7C /* picletTests.xctest */;
			productType = "com.apple.product-type.bundle.unit-test";
		};
		D46912301BAC03C30012CE7C /* picletUITests */ = {
			isa = PBXNativeTarget;
			buildConfigurationList = D46912401BAC03C40012CE7C /* Build configuration list for PBXNativeTarget "picletUITests" */;
			buildPhases = (
				D469122D1BAC03C30012CE7C /* Sources */,
				D469122E1BAC03C30012CE7C /* Frameworks */,
				D469122F1BAC03C30012CE7C /* Resources */,
			);
			buildRules = (
			);
			dependencies = (
				D46912331BAC03C30012CE7C /* PBXTargetDependency */,
			);
			name = picletUITests;
			productName = picletUITests;
			productReference = D46912311BAC03C30012CE7C /* picletUITests.xctest */;
			productType = "com.apple.product-type.bundle.ui-testing";
		};
/* End PBXNativeTarget section */

/* Begin PBXProject section */
		D46912071BAC03C30012CE7C /* Project object */ = {
			isa = PBXProject;
			attributes = {
				LastSwiftUpdateCheck = 0710;
				LastUpgradeCheck = 0700;
				ORGANIZATIONNAME = "Filipe Santos Correa";
				TargetAttributes = {
					D469120E1BAC03C30012CE7C = {
						CreatedOnToolsVersion = 7.0;
						DevelopmentTeam = MSTZLMN72L;
					};
					D46912251BAC03C30012CE7C = {
						CreatedOnToolsVersion = 7.0;
						TestTargetID = D469120E1BAC03C30012CE7C;
					};
					D46912301BAC03C30012CE7C = {
						CreatedOnToolsVersion = 7.0;
						TestTargetID = D469120E1BAC03C30012CE7C;
					};
				};
			};
			buildConfigurationList = D469120A1BAC03C30012CE7C /* Build configuration list for PBXProject "piclet" */;
			compatibilityVersion = "Xcode 3.2";
			developmentRegion = English;
			hasScannedForEncodings = 0;
			knownRegions = (
				en,
				Base,
				de,
			);
			mainGroup = D46912061BAC03C30012CE7C;
			productRefGroup = D46912101BAC03C30012CE7C /* Products */;
			projectDirPath = "";
			projectRoot = "";
			targets = (
				D469120E1BAC03C30012CE7C /* piclet */,
				D46912251BAC03C30012CE7C /* picletTests */,
				D46912301BAC03C30012CE7C /* picletUITests */,
			);
		};
/* End PBXProject section */

/* Begin PBXResourcesBuildPhase section */
		D469120D1BAC03C30012CE7C /* Resources */ = {
			isa = PBXResourcesBuildPhase;
			buildActionMask = 2147483647;
			files = (
				D4438DC61BD60ABD000CB909 /* Localizable.strings in Resources */,
				D46912201BAC03C30012CE7C /* LaunchScreen.storyboard in Resources */,
				D469121D1BAC03C30012CE7C /* Assets.xcassets in Resources */,
				D46912181BAC03C30012CE7C /* Main.storyboard in Resources */,
			);
			runOnlyForDeploymentPostprocessing = 0;
		};
		D46912241BAC03C30012CE7C /* Resources */ = {
			isa = PBXResourcesBuildPhase;
			buildActionMask = 2147483647;
			files = (
				D4438DC71BD60ABD000CB909 /* Localizable.strings in Resources */,
			);
			runOnlyForDeploymentPostprocessing = 0;
		};
		D469122F1BAC03C30012CE7C /* Resources */ = {
			isa = PBXResourcesBuildPhase;
			buildActionMask = 2147483647;
			files = (
				D4438DC81BD60ABD000CB909 /* Localizable.strings in Resources */,
			);
			runOnlyForDeploymentPostprocessing = 0;
		};
/* End PBXResourcesBuildPhase section */

/* Begin PBXShellScriptBuildPhase section */
		D445264C1BF3BEBD007FE8D8 /* ShellScript */ = {
			isa = PBXShellScriptBuildPhase;
			buildActionMask = 2147483647;
			files = (
			);
			inputPaths = (
				"$(SRCROOT)/Carthage/Build/iOS/WebImage.framework",
				"$(SRCROOT)/Carthage/Build/iOS/Alamofire.framework",
			);
			outputPaths = (
			);
			runOnlyForDeploymentPostprocessing = 0;
			shellPath = /bin/sh;
			shellScript = "/usr/local/bin/carthage copy-frameworks";
		};
/* End PBXShellScriptBuildPhase section */

/* Begin PBXSourcesBuildPhase section */
		D469120B1BAC03C30012CE7C /* Sources */ = {
			isa = PBXSourcesBuildPhase;
			buildActionMask = 2147483647;
			files = (
				D45650411C059E3400C428EE /* ProfileCollectionViewController.swift in Sources */,
				D46494811BEF523900AA48C4 /* ImageUploadViewController.swift in Sources */,
				D4438DB71BD521DA000CB909 /* CreateChallengeViewController.swift in Sources */,
				D4BDF8591BC3AD3700028566 /* LoadingProgressViewController.swift in Sources */,
				D46912471BAC0D970012CE7C /* LoginViewController.swift in Sources */,
				D44248F71BE583E100C88B50 /* ChallengeCollection.swift in Sources */,
				D4445B801BB84D76005D155F /* ObjectMapper.swift in Sources */,
				D44248EB1BE5405E00C88B50 /* TabBarViewController.swift in Sources */,
				D408DA321BECC27C00772757 /* PostsTableViewDelegate.swift in Sources */,
				D46494851BEF900C00AA48C4 /* UserAccount.swift in Sources */,
				D4181CC81BAC4456001155B6 /* UserDataValidator.swift in Sources */,
				D4085C521BF0FAD700051436 /* ImageHandler.swift in Sources */,
				D4438DD41BD61767000CB909 /* AlertControllerExtension.swift in Sources */,
				D46912131BAC03C30012CE7C /* AppDelegate.swift in Sources */,
				D462CB721BCBD1D000701EFF /* Challenge.swift in Sources */,
				D48E3C7D1BCCF76C006C702A /* ErrorHandler.swift in Sources */,
				D4438DBF1BD60685000CB909 /* TimeHandler.swift in Sources */,
				D44248F31BE5567800C88B50 /* UIImageExtenstion.swift in Sources */,
				D4105BEF1BBE65AC006D742D /* ApiProxy.swift in Sources */,
				D4431D071BBECAE000086759 /* piclet.xcdatamodeld in Sources */,
				D462CB741BCBD3EE00701EFF /* Post.swift in Sources */,
				D4FA80BE1BDAAE1F004682CB /* NavigationViewController.swift in Sources */,
				D4FA80BA1BDAAB63004682CB /* ChallengeViewController.swift in Sources */,
				D4431D0A1BBECB4B00086759 /* User+CoreData.swift in Sources */,
				D4BDF85C1BC44EBB00028566 /* ProfileViewController.swift in Sources */,
				D42F46701C0DA80800B25D04 /* UIDeviceExtension.swift in Sources */,
				D46B6C9F1C046365003E5CCF /* UIImagePickerExtension.swift in Sources */,
				D4CDEAAF1BDDFCDD00F4C51B /* ViewControllerExtension.swift in Sources */,
				D42F96A51BCBFC3B00544C69 /* ChallengeTableViewCell.swift in Sources */,
				D46D1AF91C02E5C000C712C7 /* PostsViewController.swift in Sources */,
				D4783E6C1BEDE179007FAF9E /* ImagePickerViewController.swift in Sources */,
				D47E5E221BD2939B003E9351 /* PostsTableViewCell.swift in Sources */,
				D4181CCE1BAC62F0001155B6 /* NetworkHandler.swift in Sources */,
				D4438DBB1BD57883000CB909 /* CreateTextField.swift in Sources */,
				D4431D0B1BBECB4B00086759 /* User.swift in Sources */,
			);
			runOnlyForDeploymentPostprocessing = 0;
		};
		D46912221BAC03C30012CE7C /* Sources */ = {
			isa = PBXSourcesBuildPhase;
			buildActionMask = 2147483647;
			files = (
				D4CDEAB01BDDFCDD00F4C51B /* ViewControllerExtension.swift in Sources */,
				D46494821BEF523900AA48C4 /* ImageUploadViewController.swift in Sources */,
				D4438DB81BD521DA000CB909 /* CreateChallengeViewController.swift in Sources */,
				D46B6CA01C046365003E5CCF /* UIImagePickerExtension.swift in Sources */,
				D46912481BAC0D970012CE7C /* LoginViewController.swift in Sources */,
				D42F969D1BCBDE2100544C69 /* Challenge.swift in Sources */,
				D44248EC1BE5405E00C88B50 /* TabBarViewController.swift in Sources */,
				D4438DC01BD60685000CB909 /* TimeHandler.swift in Sources */,
				D4431D111BBED73500086759 /* User+CoreData.swift in Sources */,
				D4254AE41BCD9C5200297FCF /* Post.swift in Sources */,
				D42F46711C0DA80800B25D04 /* UIDeviceExtension.swift in Sources */,
				D48E3C7E1BCCF76C006C702A /* ErrorHandler.swift in Sources */,
				D49396461BC2D19600D2D505 /* User+CoreDataTests.swift in Sources */,
				D4FA80BF1BDAAE1F004682CB /* NavigationViewController.swift in Sources */,
				D4181CCC1BAC4C28001155B6 /* UserDataValidatorTests.swift in Sources */,
				D4254AE81BCD9C7A00297FCF /* ChallengeTableViewCell.swift in Sources */,
				D46D1AFA1C02E5C000C712C7 /* PostsViewController.swift in Sources */,
				D4181CC91BAC4456001155B6 /* UserDataValidator.swift in Sources */,
				D42F96A71BCC071100544C69 /* LoadingProgressViewController.swift in Sources */,
				D4F10BA81BF3BA7A0097E0CE /* AppDelegate.swift in Sources */,
				D4431D0C1BBED72800086759 /* User.swift in Sources */,
				D44248F81BE583E100C88B50 /* ChallengeCollection.swift in Sources */,
				D4438DD51BD61767000CB909 /* AlertControllerExtension.swift in Sources */,
				D4431D0E1BBED72E00086759 /* piclet.xcdatamodeld in Sources */,
				D4085C541BF0FADE00051436 /* ImageHandler.swift in Sources */,
				D4438DBC1BD57883000CB909 /* CreateTextField.swift in Sources */,
				D47E5E231BD2939B003E9351 /* PostsTableViewCell.swift in Sources */,
				D46494861BEF900C00AA48C4 /* UserAccount.swift in Sources */,
				D4783E6D1BEDE179007FAF9E /* ImagePickerViewController.swift in Sources */,
				D45650421C059E3400C428EE /* ProfileCollectionViewController.swift in Sources */,
				D44248F41BE5567800C88B50 /* UIImageExtenstion.swift in Sources */,
				D4105BF01BBE65AC006D742D /* ApiProxy.swift in Sources */,
				D4F10BA51BF3BA1A0097E0CE /* ObjectMapper.swift in Sources */,
				D4FA80BB1BDAAB63004682CB /* ChallengeViewController.swift in Sources */,
				D408DA331BECC27C00772757 /* PostsTableViewDelegate.swift in Sources */,
				D4F10BA21BF3B9280097E0CE /* ProfileViewController.swift in Sources */,
				D4181CCF1BAC62F0001155B6 /* NetworkHandler.swift in Sources */,
			);
			runOnlyForDeploymentPostprocessing = 0;
		};
		D469122D1BAC03C30012CE7C /* Sources */ = {
			isa = PBXSourcesBuildPhase;
			buildActionMask = 2147483647;
			files = (
				D4431D0D1BBED72900086759 /* User.swift in Sources */,
				D4254AE61BCD9C5600297FCF /* ErrorHandler.swift in Sources */,
				D46D1AFB1C02E5C000C712C7 /* PostsViewController.swift in Sources */,
				D4438DB91BD521DA000CB909 /* CreateChallengeViewController.swift in Sources */,
				D4FA80C01BDAAE1F004682CB /* NavigationViewController.swift in Sources */,
				D45650431C059E3400C428EE /* ProfileCollectionViewController.swift in Sources */,
				D4254AEA1BCD9F0D00297FCF /* LoadingProgressViewController.swift in Sources */,
				D4F10BA31BF3B9290097E0CE /* ProfileViewController.swift in Sources */,
				D4431D0F1BBED73000086759 /* piclet.xcdatamodeld in Sources */,
				D4F10BA41BF3BA190097E0CE /* ObjectMapper.swift in Sources */,
				D4181CCA1BAC4456001155B6 /* UserDataValidator.swift in Sources */,
				D4254AE51BCD9C5300297FCF /* Post.swift in Sources */,
				D4783E6E1BEDE179007FAF9E /* ImagePickerViewController.swift in Sources */,
				D4FA80BC1BDAAB63004682CB /* ChallengeViewController.swift in Sources */,
				D4438DD61BD61767000CB909 /* AlertControllerExtension.swift in Sources */,
				D4254AE21BCD9C4500297FCF /* Challenge.swift in Sources */,
				D4085C531BF0FADC00051436 /* ImageHandler.swift in Sources */,
				D44248ED1BE5405E00C88B50 /* TabBarViewController.swift in Sources */,
				D46494871BEF900C00AA48C4 /* UserAccount.swift in Sources */,
				D4438DBD1BD57883000CB909 /* CreateTextField.swift in Sources */,
				D47E5E241BD2939B003E9351 /* PostsTableViewCell.swift in Sources */,
				D42F46721C0DA80800B25D04 /* UIDeviceExtension.swift in Sources */,
				D4431D101BBED73400086759 /* User+CoreData.swift in Sources */,
				D4F10BA61BF3BA720097E0CE /* LoginViewController.swift in Sources */,
				D44248F51BE5567800C88B50 /* UIImageExtenstion.swift in Sources */,
				D4254AE11BCD9C3600297FCF /* ApiProxy.swift in Sources */,
				D46912361BAC03C40012CE7C /* picletUITests.swift in Sources */,
				D44248F91BE583E100C88B50 /* ChallengeCollection.swift in Sources */,
				D46B6CA11C046365003E5CCF /* UIImagePickerExtension.swift in Sources */,
				D4254AE91BCD9C7B00297FCF /* ChallengeTableViewCell.swift in Sources */,
				D4CDEAB11BDDFCDD00F4C51B /* ViewControllerExtension.swift in Sources */,
				D4438DC11BD60685000CB909 /* TimeHandler.swift in Sources */,
				D46494831BEF523900AA48C4 /* ImageUploadViewController.swift in Sources */,
				D408DA341BECC27C00772757 /* PostsTableViewDelegate.swift in Sources */,
				D4F10BA71BF3BA780097E0CE /* AppDelegate.swift in Sources */,
				D4254AE31BCD9C4E00297FCF /* NetworkHandler.swift in Sources */,
			);
			runOnlyForDeploymentPostprocessing = 0;
		};
/* End PBXSourcesBuildPhase section */

/* Begin PBXTargetDependency section */
		D46912281BAC03C30012CE7C /* PBXTargetDependency */ = {
			isa = PBXTargetDependency;
			target = D469120E1BAC03C30012CE7C /* piclet */;
			targetProxy = D46912271BAC03C30012CE7C /* PBXContainerItemProxy */;
		};
		D46912331BAC03C30012CE7C /* PBXTargetDependency */ = {
			isa = PBXTargetDependency;
			target = D469120E1BAC03C30012CE7C /* piclet */;
			targetProxy = D46912321BAC03C30012CE7C /* PBXContainerItemProxy */;
		};
/* End PBXTargetDependency section */

/* Begin PBXVariantGroup section */
		D4438DCA1BD60ABD000CB909 /* Localizable.strings */ = {
			isa = PBXVariantGroup;
			children = (
				D4438DC91BD60ABD000CB909 /* en */,
				D4438DCD1BD60B87000CB909 /* de */,
			);
			name = Localizable.strings;
			sourceTree = "<group>";
		};
		D46912161BAC03C30012CE7C /* Main.storyboard */ = {
			isa = PBXVariantGroup;
			children = (
				D46912171BAC03C30012CE7C /* Base */,
				D4438DCB1BD60B87000CB909 /* de */,
			);
			name = Main.storyboard;
			sourceTree = "<group>";
		};
		D469121E1BAC03C30012CE7C /* LaunchScreen.storyboard */ = {
			isa = PBXVariantGroup;
			children = (
				D469121F1BAC03C30012CE7C /* Base */,
				D4438DCC1BD60B87000CB909 /* de */,
			);
			name = LaunchScreen.storyboard;
			sourceTree = "<group>";
		};
/* End PBXVariantGroup section */

/* Begin XCBuildConfiguration section */
		D46912381BAC03C40012CE7C /* Debug */ = {
			isa = XCBuildConfiguration;
			buildSettings = {
				ALWAYS_SEARCH_USER_PATHS = NO;
				CLANG_CXX_LANGUAGE_STANDARD = "gnu++0x";
				CLANG_CXX_LIBRARY = "libc++";
				CLANG_ENABLE_MODULES = YES;
				CLANG_ENABLE_OBJC_ARC = YES;
				CLANG_WARN_BOOL_CONVERSION = YES;
				CLANG_WARN_CONSTANT_CONVERSION = YES;
				CLANG_WARN_DIRECT_OBJC_ISA_USAGE = YES_ERROR;
				CLANG_WARN_EMPTY_BODY = YES;
				CLANG_WARN_ENUM_CONVERSION = YES;
				CLANG_WARN_INT_CONVERSION = YES;
				CLANG_WARN_OBJC_ROOT_CLASS = YES_ERROR;
				CLANG_WARN_UNREACHABLE_CODE = YES;
				CLANG_WARN__DUPLICATE_METHOD_MATCH = YES;
				"CODE_SIGN_IDENTITY[sdk=iphoneos*]" = "iPhone Developer";
				COPY_PHASE_STRIP = NO;
				DEBUG_INFORMATION_FORMAT = dwarf;
				ENABLE_STRICT_OBJC_MSGSEND = YES;
				ENABLE_TESTABILITY = YES;
				GCC_C_LANGUAGE_STANDARD = gnu99;
				GCC_DYNAMIC_NO_PIC = NO;
				GCC_NO_COMMON_BLOCKS = YES;
				GCC_OPTIMIZATION_LEVEL = 0;
				GCC_PREPROCESSOR_DEFINITIONS = (
					"DEBUG=1",
					"$(inherited)",
				);
				GCC_WARN_64_TO_32_BIT_CONVERSION = YES;
				GCC_WARN_ABOUT_RETURN_TYPE = YES_ERROR;
				GCC_WARN_UNDECLARED_SELECTOR = YES;
				GCC_WARN_UNINITIALIZED_AUTOS = YES_AGGRESSIVE;
				GCC_WARN_UNUSED_FUNCTION = YES;
				GCC_WARN_UNUSED_VARIABLE = YES;
				IPHONEOS_DEPLOYMENT_TARGET = 8.0;
				MTL_ENABLE_DEBUG_INFO = YES;
				ONLY_ACTIVE_ARCH = YES;
				SDKROOT = iphoneos;
				SWIFT_OPTIMIZATION_LEVEL = "-Onone";
				TARGETED_DEVICE_FAMILY = "1,2";
			};
			name = Debug;
		};
		D46912391BAC03C40012CE7C /* Release */ = {
			isa = XCBuildConfiguration;
			buildSettings = {
				ALWAYS_SEARCH_USER_PATHS = NO;
				CLANG_CXX_LANGUAGE_STANDARD = "gnu++0x";
				CLANG_CXX_LIBRARY = "libc++";
				CLANG_ENABLE_MODULES = YES;
				CLANG_ENABLE_OBJC_ARC = YES;
				CLANG_WARN_BOOL_CONVERSION = YES;
				CLANG_WARN_CONSTANT_CONVERSION = YES;
				CLANG_WARN_DIRECT_OBJC_ISA_USAGE = YES_ERROR;
				CLANG_WARN_EMPTY_BODY = YES;
				CLANG_WARN_ENUM_CONVERSION = YES;
				CLANG_WARN_INT_CONVERSION = YES;
				CLANG_WARN_OBJC_ROOT_CLASS = YES_ERROR;
				CLANG_WARN_UNREACHABLE_CODE = YES;
				CLANG_WARN__DUPLICATE_METHOD_MATCH = YES;
				"CODE_SIGN_IDENTITY[sdk=iphoneos*]" = "iPhone Developer";
				COPY_PHASE_STRIP = NO;
				DEBUG_INFORMATION_FORMAT = "dwarf-with-dsym";
				ENABLE_NS_ASSERTIONS = NO;
				ENABLE_STRICT_OBJC_MSGSEND = YES;
				GCC_C_LANGUAGE_STANDARD = gnu99;
				GCC_NO_COMMON_BLOCKS = YES;
				GCC_WARN_64_TO_32_BIT_CONVERSION = YES;
				GCC_WARN_ABOUT_RETURN_TYPE = YES_ERROR;
				GCC_WARN_UNDECLARED_SELECTOR = YES;
				GCC_WARN_UNINITIALIZED_AUTOS = YES_AGGRESSIVE;
				GCC_WARN_UNUSED_FUNCTION = YES;
				GCC_WARN_UNUSED_VARIABLE = YES;
				IPHONEOS_DEPLOYMENT_TARGET = 8.0;
				MTL_ENABLE_DEBUG_INFO = NO;
				SDKROOT = iphoneos;
				TARGETED_DEVICE_FAMILY = "1,2";
				VALIDATE_PRODUCT = YES;
			};
			name = Release;
		};
		D469123B1BAC03C40012CE7C /* Debug */ = {
			isa = XCBuildConfiguration;
			buildSettings = {
				ASSETCATALOG_COMPILER_APPICON_NAME = AppIcon;
				CLANG_ENABLE_MODULES = YES;
				CODE_SIGN_IDENTITY = "iPhone Developer";
				FRAMEWORK_SEARCH_PATHS = (
					"$(inherited)",
					"$(PROJECT_DIR)/Carthage/Build/iOS",
				);
				GCC_PREPROCESSOR_DEFINITIONS = "SD_WEBP=1";
				INFOPLIST_FILE = piclet/Info.plist;
				IPHONEOS_DEPLOYMENT_TARGET = 8.0;
				LD_RUNPATH_SEARCH_PATHS = "$(inherited) @executable_path/Frameworks";
				PRODUCT_BUNDLE_IDENTIFIER = de.santoscorrea.piclet;
				PRODUCT_NAME = "$(TARGET_NAME)";
				SWIFT_INSTALL_OBJC_HEADER = YES;
				SWIFT_OBJC_BRIDGING_HEADER = "piclet/piclet-Bridging-Header.h";
				SWIFT_OBJC_INTERFACE_HEADER_NAME = "";
				SWIFT_OPTIMIZATION_LEVEL = "-Onone";
			};
			name = Debug;
		};
		D469123C1BAC03C40012CE7C /* Release */ = {
			isa = XCBuildConfiguration;
			buildSettings = {
				ASSETCATALOG_COMPILER_APPICON_NAME = AppIcon;
				CLANG_ENABLE_MODULES = YES;
				CODE_SIGN_IDENTITY = "iPhone Developer";
				FRAMEWORK_SEARCH_PATHS = (
					"$(inherited)",
					"$(PROJECT_DIR)/Carthage/Build/iOS",
				);
				GCC_PREPROCESSOR_DEFINITIONS = "SD_WEBP=1";
				INFOPLIST_FILE = piclet/Info.plist;
				IPHONEOS_DEPLOYMENT_TARGET = 8.0;
				LD_RUNPATH_SEARCH_PATHS = "$(inherited) @executable_path/Frameworks";
				PRODUCT_BUNDLE_IDENTIFIER = de.santoscorrea.piclet;
				PRODUCT_NAME = "$(TARGET_NAME)";
				SWIFT_INSTALL_OBJC_HEADER = YES;
				SWIFT_OBJC_BRIDGING_HEADER = "piclet/piclet-Bridging-Header.h";
				SWIFT_OBJC_INTERFACE_HEADER_NAME = "";
			};
			name = Release;
		};
		D469123E1BAC03C40012CE7C /* Debug */ = {
			isa = XCBuildConfiguration;
			buildSettings = {
				BUNDLE_LOADER = "$(TEST_HOST)";
				CLANG_ENABLE_MODULES = YES;
				INFOPLIST_FILE = picletTests/Info.plist;
				LD_RUNPATH_SEARCH_PATHS = "$(inherited) @executable_path/Frameworks @loader_path/Frameworks";
				PRODUCT_BUNDLE_IDENTIFIER = de.santoscorrea.picletTests;
				PRODUCT_NAME = "$(TARGET_NAME)";
				SWIFT_OBJC_BRIDGING_HEADER = "picletTests-Bridging-Header.h";
				SWIFT_OPTIMIZATION_LEVEL = "-Onone";
				TEST_HOST = "$(BUILT_PRODUCTS_DIR)/piclet.app/piclet";
			};
			name = Debug;
		};
		D469123F1BAC03C40012CE7C /* Release */ = {
			isa = XCBuildConfiguration;
			buildSettings = {
				BUNDLE_LOADER = "$(TEST_HOST)";
				CLANG_ENABLE_MODULES = YES;
				INFOPLIST_FILE = picletTests/Info.plist;
				LD_RUNPATH_SEARCH_PATHS = "$(inherited) @executable_path/Frameworks @loader_path/Frameworks";
				PRODUCT_BUNDLE_IDENTIFIER = de.santoscorrea.picletTests;
				PRODUCT_NAME = "$(TARGET_NAME)";
				SWIFT_OBJC_BRIDGING_HEADER = "picletTests-Bridging-Header.h";
				TEST_HOST = "$(BUILT_PRODUCTS_DIR)/piclet.app/piclet";
			};
			name = Release;
		};
		D46912411BAC03C40012CE7C /* Debug */ = {
			isa = XCBuildConfiguration;
			buildSettings = {
				CLANG_ENABLE_MODULES = YES;
				INFOPLIST_FILE = picletUITests/Info.plist;
				LD_RUNPATH_SEARCH_PATHS = "$(inherited) @executable_path/Frameworks @loader_path/Frameworks";
				PRODUCT_BUNDLE_IDENTIFIER = de.santoscorrea.picletUITests;
				PRODUCT_NAME = "$(TARGET_NAME)";
				SWIFT_OBJC_BRIDGING_HEADER = "picletUITests-Bridging-Header.h";
				SWIFT_OPTIMIZATION_LEVEL = "-Onone";
				TEST_TARGET_NAME = piclet;
				USES_XCTRUNNER = YES;
			};
			name = Debug;
		};
		D46912421BAC03C40012CE7C /* Release */ = {
			isa = XCBuildConfiguration;
			buildSettings = {
				CLANG_ENABLE_MODULES = YES;
				INFOPLIST_FILE = picletUITests/Info.plist;
				LD_RUNPATH_SEARCH_PATHS = "$(inherited) @executable_path/Frameworks @loader_path/Frameworks";
				PRODUCT_BUNDLE_IDENTIFIER = de.santoscorrea.picletUITests;
				PRODUCT_NAME = "$(TARGET_NAME)";
				SWIFT_OBJC_BRIDGING_HEADER = "picletUITests-Bridging-Header.h";
				TEST_TARGET_NAME = piclet;
				USES_XCTRUNNER = YES;
			};
			name = Release;
		};
/* End XCBuildConfiguration section */

/* Begin XCConfigurationList section */
		D469120A1BAC03C30012CE7C /* Build configuration list for PBXProject "piclet" */ = {
			isa = XCConfigurationList;
			buildConfigurations = (
				D46912381BAC03C40012CE7C /* Debug */,
				D46912391BAC03C40012CE7C /* Release */,
			);
			defaultConfigurationIsVisible = 0;
			defaultConfigurationName = Release;
		};
		D469123A1BAC03C40012CE7C /* Build configuration list for PBXNativeTarget "piclet" */ = {
			isa = XCConfigurationList;
			buildConfigurations = (
				D469123B1BAC03C40012CE7C /* Debug */,
				D469123C1BAC03C40012CE7C /* Release */,
			);
			defaultConfigurationIsVisible = 0;
			defaultConfigurationName = Release;
		};
		D469123D1BAC03C40012CE7C /* Build configuration list for PBXNativeTarget "picletTests" */ = {
			isa = XCConfigurationList;
			buildConfigurations = (
				D469123E1BAC03C40012CE7C /* Debug */,
				D469123F1BAC03C40012CE7C /* Release */,
			);
			defaultConfigurationIsVisible = 0;
			defaultConfigurationName = Release;
		};
		D46912401BAC03C40012CE7C /* Build configuration list for PBXNativeTarget "picletUITests" */ = {
			isa = XCConfigurationList;
			buildConfigurations = (
				D46912411BAC03C40012CE7C /* Debug */,
				D46912421BAC03C40012CE7C /* Release */,
			);
			defaultConfigurationIsVisible = 0;
			defaultConfigurationName = Release;
		};
/* End XCConfigurationList section */

/* Begin XCVersionGroup section */
		D4431D051BBECAE000086759 /* piclet.xcdatamodeld */ = {
			isa = XCVersionGroup;
			children = (
				D4431D061BBECAE000086759 /* piclet.xcdatamodel */,
			);
			currentVersion = D4431D061BBECAE000086759 /* piclet.xcdatamodel */;
			path = piclet.xcdatamodeld;
			sourceTree = "<group>";
			versionGroupType = wrapper.xcdatamodel;
		};
/* End XCVersionGroup section */
	};
	rootObject = D46912071BAC03C30012CE7C /* Project object */;
}
