// !$*UTF8*$!
{
	archiveVersion = 1;
	classes = {
	};
	objectVersion = 46;
	objects = {

/* Begin PBXBuildFile section */
		D4085C521BF0FAD700051436 /* ImageHandler.swift in Sources */ = {isa = PBXBuildFile; fileRef = D4085C511BF0FAD700051436 /* ImageHandler.swift */; };
		D408DA321BECC27C00772757 /* PostsTableViewDelegate.swift in Sources */ = {isa = PBXBuildFile; fileRef = D408DA311BECC27C00772757 /* PostsTableViewDelegate.swift */; };
		D4105BEF1BBE65AC006D742D /* ApiProxy.swift in Sources */ = {isa = PBXBuildFile; fileRef = D4105BEE1BBE65AC006D742D /* ApiProxy.swift */; };
		D4133F4C1C3955F50093D167 /* UIImagePickerControllerExtension.swift in Sources */ = {isa = PBXBuildFile; fileRef = D4133F4B1C3955F40093D167 /* UIImagePickerControllerExtension.swift */; };
		D4181CC81BAC4456001155B6 /* UserDataValidator.swift in Sources */ = {isa = PBXBuildFile; fileRef = D4181CC71BAC4456001155B6 /* UserDataValidator.swift */; };
		D4181CCE1BAC62F0001155B6 /* NetworkHandler.swift in Sources */ = {isa = PBXBuildFile; fileRef = D4181CCD1BAC62F0001155B6 /* NetworkHandler.swift */; };
		D427341D1C91807E006BA9DB /* ProfileViewController.swift in Sources */ = {isa = PBXBuildFile; fileRef = D427341C1C91807E006BA9DB /* ProfileViewController.swift */; };
		D42A2E891BF6935E00B96063 /* Alamofire.framework in Frameworks */ = {isa = PBXBuildFile; fileRef = D42A2E881BF6935E00B96063 /* Alamofire.framework */; };
		D42A2E8B1BF6938A00B96063 /* Alamofire.framework.dSYM in CopyFiles */ = {isa = PBXBuildFile; fileRef = D42A2E8A1BF6938A00B96063 /* Alamofire.framework.dSYM */; };
		D42F96A51BCBFC3B00544C69 /* ChallengeTableViewCell.swift in Sources */ = {isa = PBXBuildFile; fileRef = D42F96A41BCBFC3B00544C69 /* ChallengeTableViewCell.swift */; };
		D4422FC71CA92FB900216C72 /* StoreKit.framework in Frameworks */ = {isa = PBXBuildFile; fileRef = D4422FC61CA92FB900216C72 /* StoreKit.framework */; };
		D4422FCC1CA9748100216C72 /* Username.storyboard in Resources */ = {isa = PBXBuildFile; fileRef = D4422FCB1CA9748100216C72 /* Username.storyboard */; };
		D4422FCD1CA9748100216C72 /* Username.storyboard in Resources */ = {isa = PBXBuildFile; fileRef = D4422FCB1CA9748100216C72 /* Username.storyboard */; };
		D4422FCF1CA9768B00216C72 /* UsernameViewController.swift in Sources */ = {isa = PBXBuildFile; fileRef = D4422FCE1CA9768B00216C72 /* UsernameViewController.swift */; };
		D4422FD01CA9768B00216C72 /* UsernameViewController.swift in Sources */ = {isa = PBXBuildFile; fileRef = D4422FCE1CA9768B00216C72 /* UsernameViewController.swift */; };
		D4422FD21CA98D5B00216C72 /* UITextFieldExtension.swift in Sources */ = {isa = PBXBuildFile; fileRef = D4422FD11CA98D5B00216C72 /* UITextFieldExtension.swift */; };
		D4422FD31CA98D5B00216C72 /* UITextFieldExtension.swift in Sources */ = {isa = PBXBuildFile; fileRef = D4422FD11CA98D5B00216C72 /* UITextFieldExtension.swift */; };
		D4422FD51CA98F9500216C72 /* UIButtonExtension.swift in Sources */ = {isa = PBXBuildFile; fileRef = D4422FD41CA98F9500216C72 /* UIButtonExtension.swift */; };
		D4422FD61CA98F9500216C72 /* UIButtonExtension.swift in Sources */ = {isa = PBXBuildFile; fileRef = D4422FD41CA98F9500216C72 /* UIButtonExtension.swift */; };
		D44248EB1BE5405E00C88B50 /* TabBarViewController.swift in Sources */ = {isa = PBXBuildFile; fileRef = D44248EA1BE5405E00C88B50 /* TabBarViewController.swift */; };
		D44248F31BE5567800C88B50 /* UIImageExtenstion.swift in Sources */ = {isa = PBXBuildFile; fileRef = D44248F21BE5567800C88B50 /* UIImageExtenstion.swift */; };
		D44248F71BE583E100C88B50 /* ChallengeCollection.swift in Sources */ = {isa = PBXBuildFile; fileRef = D44248F61BE583E100C88B50 /* ChallengeCollection.swift */; };
		D4431D0B1BBECB4B00086759 /* User.swift in Sources */ = {isa = PBXBuildFile; fileRef = D4431D091BBECB4B00086759 /* User.swift */; };
		D4438DB71BD521DA000CB909 /* CreateChallengeViewController.swift in Sources */ = {isa = PBXBuildFile; fileRef = D4438DB61BD521DA000CB909 /* CreateChallengeViewController.swift */; };
		D4438DBB1BD57883000CB909 /* CreateTextField.swift in Sources */ = {isa = PBXBuildFile; fileRef = D4438DBA1BD57883000CB909 /* CreateTextField.swift */; };
		D4438DBF1BD60685000CB909 /* TimeHandler.swift in Sources */ = {isa = PBXBuildFile; fileRef = D4438DBE1BD60685000CB909 /* TimeHandler.swift */; };
		D4438DC61BD60ABD000CB909 /* Localizable.strings in Resources */ = {isa = PBXBuildFile; fileRef = D4438DCA1BD60ABD000CB909 /* Localizable.strings */; };
		D4438DD41BD61767000CB909 /* UIAlertControllerExtension.swift in Sources */ = {isa = PBXBuildFile; fileRef = D4438DD31BD61767000CB909 /* UIAlertControllerExtension.swift */; };
		D4445B801BB84D76005D155F /* ObjectMapper.swift in Sources */ = {isa = PBXBuildFile; fileRef = D4445B7F1BB84D76005D155F /* ObjectMapper.swift */; };
		D445264F1BF3BF65007FE8D8 /* WebImage.framework.dSYM in CopyFiles */ = {isa = PBXBuildFile; fileRef = D445264E1BF3BF65007FE8D8 /* WebImage.framework.dSYM */; };
		D44E04A21C352E1A003B502C /* ProfileStatsTableViewController.swift in Sources */ = {isa = PBXBuildFile; fileRef = D44E04A11C352E1A003B502C /* ProfileStatsTableViewController.swift */; };
		D44E04A61C352E40003B502C /* ProfileHistoryTableViewController.swift in Sources */ = {isa = PBXBuildFile; fileRef = D44E04A51C352E40003B502C /* ProfileHistoryTableViewController.swift */; };
		D45650411C059E3400C428EE /* ProfileCollectionViewController.swift in Sources */ = {isa = PBXBuildFile; fileRef = D45650401C059E3400C428EE /* ProfileCollectionViewController.swift */; };
		D459D6971C1CDB81003A26E4 /* JTSAnimatedGIFUtility.m in Sources */ = {isa = PBXBuildFile; fileRef = D459D68C1C1CDB81003A26E4 /* JTSAnimatedGIFUtility.m */; };
		D459D69A1C1CDB81003A26E4 /* JTSImageInfo.m in Sources */ = {isa = PBXBuildFile; fileRef = D459D68E1C1CDB81003A26E4 /* JTSImageInfo.m */; };
		D459D69D1C1CDB81003A26E4 /* JTSImageViewController.m in Sources */ = {isa = PBXBuildFile; fileRef = D459D6901C1CDB81003A26E4 /* JTSImageViewController.m */; };
		D459D6A01C1CDB81003A26E4 /* JTSSimpleImageDownloader.m in Sources */ = {isa = PBXBuildFile; fileRef = D459D6921C1CDB81003A26E4 /* JTSSimpleImageDownloader.m */; };
		D459D6A31C1CDB81003A26E4 /* UIApplication+JTSImageViewController.m in Sources */ = {isa = PBXBuildFile; fileRef = D459D6941C1CDB81003A26E4 /* UIApplication+JTSImageViewController.m */; };
		D459D6A61C1CDB81003A26E4 /* UIImage+JTSImageEffects.m in Sources */ = {isa = PBXBuildFile; fileRef = D459D6961C1CDB81003A26E4 /* UIImage+JTSImageEffects.m */; };
		D462CB721BCBD1D000701EFF /* Challenge.swift in Sources */ = {isa = PBXBuildFile; fileRef = D462CB711BCBD1D000701EFF /* Challenge.swift */; };
		D462CB741BCBD3EE00701EFF /* Post.swift in Sources */ = {isa = PBXBuildFile; fileRef = D462CB731BCBD3EE00701EFF /* Post.swift */; };
		D46494811BEF523900AA48C4 /* ImageUploadViewController.swift in Sources */ = {isa = PBXBuildFile; fileRef = D46494801BEF523900AA48C4 /* ImageUploadViewController.swift */; };
		D46494851BEF900C00AA48C4 /* UserAccount.swift in Sources */ = {isa = PBXBuildFile; fileRef = D46494841BEF900C00AA48C4 /* UserAccount.swift */; };
		D46799411C18463500B24EF2 /* ProfileCollectionViewCell.swift in Sources */ = {isa = PBXBuildFile; fileRef = D46799401C18463500B24EF2 /* ProfileCollectionViewCell.swift */; };
		D4689B371C88C80E00647DDB /* ProfileStats.storyboard in Resources */ = {isa = PBXBuildFile; fileRef = D4689B361C88C80E00647DDB /* ProfileStats.storyboard */; };
		D4689B3B1C88CD2400647DDB /* ProfileImage.storyboard in Resources */ = {isa = PBXBuildFile; fileRef = D4689B3A1C88CD2400647DDB /* ProfileImage.storyboard */; };
		D4689B401C88D06200647DDB /* ProfileHistory.storyboard in Resources */ = {isa = PBXBuildFile; fileRef = D4689B3F1C88D06200647DDB /* ProfileHistory.storyboard */; };
		D46912131BAC03C30012CE7C /* AppDelegate.swift in Sources */ = {isa = PBXBuildFile; fileRef = D46912121BAC03C30012CE7C /* AppDelegate.swift */; };
		D46912181BAC03C30012CE7C /* Main.storyboard in Resources */ = {isa = PBXBuildFile; fileRef = D46912161BAC03C30012CE7C /* Main.storyboard */; };
		D469121D1BAC03C30012CE7C /* Assets.xcassets in Resources */ = {isa = PBXBuildFile; fileRef = D469121C1BAC03C30012CE7C /* Assets.xcassets */; };
		D46912201BAC03C30012CE7C /* LaunchScreen.storyboard in Resources */ = {isa = PBXBuildFile; fileRef = D469121E1BAC03C30012CE7C /* LaunchScreen.storyboard */; };
		D46912471BAC0D970012CE7C /* LoginViewController.swift in Sources */ = {isa = PBXBuildFile; fileRef = D46912461BAC0D970012CE7C /* LoginViewController.swift */; };
		D46D1AF91C02E5C000C712C7 /* PostsViewController.swift in Sources */ = {isa = PBXBuildFile; fileRef = D46D1AF81C02E5C000C712C7 /* PostsViewController.swift */; };
		D4783E6C1BEDE179007FAF9E /* ImagePickerViewController.swift in Sources */ = {isa = PBXBuildFile; fileRef = D4783E6B1BEDE179007FAF9E /* ImagePickerViewController.swift */; };
		D47C56521C41A838004F8FAC /* MyChallengeViewController.swift in Sources */ = {isa = PBXBuildFile; fileRef = D47C56511C41A838004F8FAC /* MyChallengeViewController.swift */; };
		D47E5E221BD2939B003E9351 /* PostsTableViewCell.swift in Sources */ = {isa = PBXBuildFile; fileRef = D47E5E211BD2939B003E9351 /* PostsTableViewCell.swift */; };
		D48E3C7D1BCCF76C006C702A /* ErrorHandler.swift in Sources */ = {isa = PBXBuildFile; fileRef = D48E3C7C1BCCF76C006C702A /* ErrorHandler.swift */; };
		D49A70591BF3BE79004EA711 /* WebImage.framework in Frameworks */ = {isa = PBXBuildFile; fileRef = D49A70581BF3BE79004EA711 /* WebImage.framework */; };
		D4A27E0F1C918701007DC1E1 /* RealmSwift.framework in Frameworks */ = {isa = PBXBuildFile; fileRef = D4A27E0E1C918701007DC1E1 /* RealmSwift.framework */; };
		D4A27E111C918757007DC1E1 /* RealmSwift.framework.dSYM in CopyFiles */ = {isa = PBXBuildFile; fileRef = D4A27E101C918757007DC1E1 /* RealmSwift.framework.dSYM */; };
		D4A27E171C919032007DC1E1 /* UserAccess.swift in Sources */ = {isa = PBXBuildFile; fileRef = D4A27E161C919032007DC1E1 /* UserAccess.swift */; };
		D4A27E1B1C919434007DC1E1 /* Realm.framework in Frameworks */ = {isa = PBXBuildFile; fileRef = D4A27E1A1C919434007DC1E1 /* Realm.framework */; };
		D4A27E1D1C919457007DC1E1 /* Realm.framework.dSYM in CopyFiles */ = {isa = PBXBuildFile; fileRef = D4A27E1C1C919457007DC1E1 /* Realm.framework.dSYM */; };
		D4BE33EF1C91D86200483576 /* ProfileViewControllerDelegate.swift in Sources */ = {isa = PBXBuildFile; fileRef = D4BE33EE1C91D86200483576 /* ProfileViewControllerDelegate.swift */; };
		D4BE34021C91DE3F00483576 /* UserDataValidatorTests.swift in Sources */ = {isa = PBXBuildFile; fileRef = D4181CCB1BAC4C28001155B6 /* UserDataValidatorTests.swift */; };
		D4BE34031C91DE5C00483576 /* NetworkHandler.swift in Sources */ = {isa = PBXBuildFile; fileRef = D4181CCD1BAC62F0001155B6 /* NetworkHandler.swift */; };
		D4BE34051C91E0E300483576 /* Alamofire.framework in Frameworks */ = {isa = PBXBuildFile; fileRef = D42A2E881BF6935E00B96063 /* Alamofire.framework */; };
		D4BE34061C91E0F300483576 /* UserDataValidator.swift in Sources */ = {isa = PBXBuildFile; fileRef = D4181CC71BAC4456001155B6 /* UserDataValidator.swift */; };
		D4BE34071C91E0FC00483576 /* ErrorHandler.swift in Sources */ = {isa = PBXBuildFile; fileRef = D48E3C7C1BCCF76C006C702A /* ErrorHandler.swift */; };
		D4BE34081C91E12A00483576 /* SVProgressHUD.framework in Frameworks */ = {isa = PBXBuildFile; fileRef = D4FED0931C74BB2F007633FB /* SVProgressHUD.framework */; };
		D4BE34091C91E12D00483576 /* SVProgressHUD.framework.dSYM in Resources */ = {isa = PBXBuildFile; fileRef = D4FED0951C74BC0E007633FB /* SVProgressHUD.framework.dSYM */; };
		D4C225C21C343169002169DF /* ProfileImageViewController.swift in Sources */ = {isa = PBXBuildFile; fileRef = D4C225C11C343169002169DF /* ProfileImageViewController.swift */; };
		D4C225C61C34329F002169DF /* UIViewExtension.swift in Sources */ = {isa = PBXBuildFile; fileRef = D4C225C51C34329F002169DF /* UIViewExtension.swift */; };
		D4CDEAAF1BDDFCDD00F4C51B /* UIViewControllerExtension.swift in Sources */ = {isa = PBXBuildFile; fileRef = D4CDEAAE1BDDFCDD00F4C51B /* UIViewControllerExtension.swift */; };
		D4CF2F2B1CA3E2F000FC0AE0 /* GoogleSignIn.bundle in Resources */ = {isa = PBXBuildFile; fileRef = D4CF2F291CA3E2F000FC0AE0 /* GoogleSignIn.bundle */; };
		D4CF2F2C1CA3E2F000FC0AE0 /* GoogleSignIn.bundle in Resources */ = {isa = PBXBuildFile; fileRef = D4CF2F291CA3E2F000FC0AE0 /* GoogleSignIn.bundle */; };
		D4CF2F2D1CA3E2F000FC0AE0 /* GoogleSignIn.framework in Frameworks */ = {isa = PBXBuildFile; fileRef = D4CF2F2A1CA3E2F000FC0AE0 /* GoogleSignIn.framework */; };
		D4CF2F2E1CA3E2F000FC0AE0 /* GoogleSignIn.framework in Frameworks */ = {isa = PBXBuildFile; fileRef = D4CF2F2A1CA3E2F000FC0AE0 /* GoogleSignIn.framework */; };
		D4CF2F301CA3E65B00FC0AE0 /* AddressBook.framework in Frameworks */ = {isa = PBXBuildFile; fileRef = D4CF2F2F1CA3E65B00FC0AE0 /* AddressBook.framework */; };
		D4CF2F321CA3E66400FC0AE0 /* SafariServices.framework in Frameworks */ = {isa = PBXBuildFile; fileRef = D4CF2F311CA3E66400FC0AE0 /* SafariServices.framework */; };
		D4CF2F341CA3E66D00FC0AE0 /* SystemConfiguration.framework in Frameworks */ = {isa = PBXBuildFile; fileRef = D4CF2F331CA3E66D00FC0AE0 /* SystemConfiguration.framework */; };
		D4CF2F361CA3E76300FC0AE0 /* GoogleService-Info.plist in Resources */ = {isa = PBXBuildFile; fileRef = D4CF2F351CA3E76300FC0AE0 /* GoogleService-Info.plist */; };
		D4CF2F371CA3E76300FC0AE0 /* GoogleService-Info.plist in Resources */ = {isa = PBXBuildFile; fileRef = D4CF2F351CA3E76300FC0AE0 /* GoogleService-Info.plist */; };
		D4D588E11C25B6A100BBC9C6 /* ActivityIndicatorView.swift in Sources */ = {isa = PBXBuildFile; fileRef = D4D588E01C25B6A100BBC9C6 /* ActivityIndicatorView.swift */; };
		D4FA80BA1BDAAB63004682CB /* ChallengeViewController.swift in Sources */ = {isa = PBXBuildFile; fileRef = D4FA80B91BDAAB63004682CB /* ChallengeViewController.swift */; };
		D4FED0941C74BB2F007633FB /* SVProgressHUD.framework in Frameworks */ = {isa = PBXBuildFile; fileRef = D4FED0931C74BB2F007633FB /* SVProgressHUD.framework */; };
		D4FED0961C74BC0E007633FB /* SVProgressHUD.framework.dSYM in CopyFiles */ = {isa = PBXBuildFile; fileRef = D4FED0951C74BC0E007633FB /* SVProgressHUD.framework.dSYM */; };
		D4FED0981C76246C007633FB /* BRYXBanner.framework in Frameworks */ = {isa = PBXBuildFile; fileRef = D4FED0971C76246C007633FB /* BRYXBanner.framework */; };
		D4FED09A1C7624CE007633FB /* BRYXBanner.framework.dSYM in CopyFiles */ = {isa = PBXBuildFile; fileRef = D4FED0991C7624CE007633FB /* BRYXBanner.framework.dSYM */; };
		D4FED09C1C775DD3007633FB /* Formater.swift in Sources */ = {isa = PBXBuildFile; fileRef = D4FED09B1C775DD3007633FB /* Formater.swift */; };
/* End PBXBuildFile section */

/* Begin PBXContainerItemProxy section */
		D4BE33FD1C91DE2900483576 /* PBXContainerItemProxy */ = {
			isa = PBXContainerItemProxy;
			containerPortal = D46912071BAC03C30012CE7C /* Project object */;
			proxyType = 1;
			remoteGlobalIDString = D469120E1BAC03C30012CE7C;
			remoteInfo = piclet;
		};
/* End PBXContainerItemProxy section */

/* Begin PBXCopyFilesBuildPhase section */
		D445264D1BF3BF2D007FE8D8 /* CopyFiles */ = {
			isa = PBXCopyFilesBuildPhase;
			buildActionMask = 2147483647;
			dstPath = "";
			dstSubfolderSpec = 16;
			files = (
				D4A27E1D1C919457007DC1E1 /* Realm.framework.dSYM in CopyFiles */,
				D4A27E111C918757007DC1E1 /* RealmSwift.framework.dSYM in CopyFiles */,
				D4FED09A1C7624CE007633FB /* BRYXBanner.framework.dSYM in CopyFiles */,
				D4FED0961C74BC0E007633FB /* SVProgressHUD.framework.dSYM in CopyFiles */,
				D42A2E8B1BF6938A00B96063 /* Alamofire.framework.dSYM in CopyFiles */,
				D445264F1BF3BF65007FE8D8 /* WebImage.framework.dSYM in CopyFiles */,
			);
			runOnlyForDeploymentPostprocessing = 0;
		};
/* End PBXCopyFilesBuildPhase section */

/* Begin PBXFileReference section */
		D4085C511BF0FAD700051436 /* ImageHandler.swift */ = {isa = PBXFileReference; fileEncoding = 4; lastKnownFileType = sourcecode.swift; path = ImageHandler.swift; sourceTree = "<group>"; };
		D408DA311BECC27C00772757 /* PostsTableViewDelegate.swift */ = {isa = PBXFileReference; fileEncoding = 4; lastKnownFileType = sourcecode.swift; path = PostsTableViewDelegate.swift; sourceTree = "<group>"; };
		D4105BEE1BBE65AC006D742D /* ApiProxy.swift */ = {isa = PBXFileReference; fileEncoding = 4; lastKnownFileType = sourcecode.swift; path = ApiProxy.swift; sourceTree = "<group>"; };
		D4133F4B1C3955F40093D167 /* UIImagePickerControllerExtension.swift */ = {isa = PBXFileReference; fileEncoding = 4; lastKnownFileType = sourcecode.swift; path = UIImagePickerControllerExtension.swift; sourceTree = "<group>"; };
		D4181CC71BAC4456001155B6 /* UserDataValidator.swift */ = {isa = PBXFileReference; fileEncoding = 4; lastKnownFileType = sourcecode.swift; path = UserDataValidator.swift; sourceTree = "<group>"; };
		D4181CCB1BAC4C28001155B6 /* UserDataValidatorTests.swift */ = {isa = PBXFileReference; fileEncoding = 4; lastKnownFileType = sourcecode.swift; path = UserDataValidatorTests.swift; sourceTree = "<group>"; };
		D4181CCD1BAC62F0001155B6 /* NetworkHandler.swift */ = {isa = PBXFileReference; fileEncoding = 4; lastKnownFileType = sourcecode.swift; path = NetworkHandler.swift; sourceTree = "<group>"; };
		D427341C1C91807E006BA9DB /* ProfileViewController.swift */ = {isa = PBXFileReference; fileEncoding = 4; lastKnownFileType = sourcecode.swift; path = ProfileViewController.swift; sourceTree = "<group>"; };
		D42A2E881BF6935E00B96063 /* Alamofire.framework */ = {isa = PBXFileReference; lastKnownFileType = wrapper.framework; name = Alamofire.framework; path = Carthage/Build/iOS/Alamofire.framework; sourceTree = "<group>"; };
		D42A2E8A1BF6938A00B96063 /* Alamofire.framework.dSYM */ = {isa = PBXFileReference; lastKnownFileType = wrapper.dsym; name = Alamofire.framework.dSYM; path = Carthage/Build/iOS/Alamofire.framework.dSYM; sourceTree = "<group>"; };
		D42B5D381C1CC81E00BE771D /* ImageViewer.framework */ = {isa = PBXFileReference; lastKnownFileType = wrapper.framework; name = ImageViewer.framework; path = Carthage/Build/iOS/ImageViewer.framework; sourceTree = "<group>"; };
		D42B5D3A1C1CC87800BE771D /* ImageViewer.framework.dSYM */ = {isa = PBXFileReference; lastKnownFileType = wrapper.dsym; name = ImageViewer.framework.dSYM; path = Carthage/Build/iOS/ImageViewer.framework.dSYM; sourceTree = "<group>"; };
		D42F96A41BCBFC3B00544C69 /* ChallengeTableViewCell.swift */ = {isa = PBXFileReference; fileEncoding = 4; lastKnownFileType = sourcecode.swift; path = ChallengeTableViewCell.swift; sourceTree = "<group>"; };
		D4422FC61CA92FB900216C72 /* StoreKit.framework */ = {isa = PBXFileReference; lastKnownFileType = wrapper.framework; name = StoreKit.framework; path = System/Library/Frameworks/StoreKit.framework; sourceTree = SDKROOT; };
		D4422FCB1CA9748100216C72 /* Username.storyboard */ = {isa = PBXFileReference; fileEncoding = 4; lastKnownFileType = file.storyboard; path = Username.storyboard; sourceTree = "<group>"; };
		D4422FCE1CA9768B00216C72 /* UsernameViewController.swift */ = {isa = PBXFileReference; fileEncoding = 4; lastKnownFileType = sourcecode.swift; path = UsernameViewController.swift; sourceTree = "<group>"; };
		D4422FD11CA98D5B00216C72 /* UITextFieldExtension.swift */ = {isa = PBXFileReference; fileEncoding = 4; lastKnownFileType = sourcecode.swift; path = UITextFieldExtension.swift; sourceTree = "<group>"; };
		D4422FD41CA98F9500216C72 /* UIButtonExtension.swift */ = {isa = PBXFileReference; fileEncoding = 4; lastKnownFileType = sourcecode.swift; path = UIButtonExtension.swift; sourceTree = "<group>"; };
		D44248EA1BE5405E00C88B50 /* TabBarViewController.swift */ = {isa = PBXFileReference; fileEncoding = 4; lastKnownFileType = sourcecode.swift; path = TabBarViewController.swift; sourceTree = "<group>"; };
		D44248F21BE5567800C88B50 /* UIImageExtenstion.swift */ = {isa = PBXFileReference; fileEncoding = 4; lastKnownFileType = sourcecode.swift; path = UIImageExtenstion.swift; sourceTree = "<group>"; };
		D44248F61BE583E100C88B50 /* ChallengeCollection.swift */ = {isa = PBXFileReference; fileEncoding = 4; lastKnownFileType = sourcecode.swift; path = ChallengeCollection.swift; sourceTree = "<group>"; };
		D4431D091BBECB4B00086759 /* User.swift */ = {isa = PBXFileReference; fileEncoding = 4; lastKnownFileType = sourcecode.swift; path = User.swift; sourceTree = "<group>"; };
		D4438DB61BD521DA000CB909 /* CreateChallengeViewController.swift */ = {isa = PBXFileReference; fileEncoding = 4; lastKnownFileType = sourcecode.swift; path = CreateChallengeViewController.swift; sourceTree = "<group>"; };
		D4438DBA1BD57883000CB909 /* CreateTextField.swift */ = {isa = PBXFileReference; fileEncoding = 4; lastKnownFileType = sourcecode.swift; path = CreateTextField.swift; sourceTree = "<group>"; };
		D4438DBE1BD60685000CB909 /* TimeHandler.swift */ = {isa = PBXFileReference; fileEncoding = 4; lastKnownFileType = sourcecode.swift; path = TimeHandler.swift; sourceTree = "<group>"; };
		D4438DC91BD60ABD000CB909 /* en */ = {isa = PBXFileReference; lastKnownFileType = text.plist.strings; name = en; path = en.lproj/Localizable.strings; sourceTree = "<group>"; };
		D4438DCB1BD60B87000CB909 /* de */ = {isa = PBXFileReference; lastKnownFileType = text.plist.strings; name = de; path = de.lproj/Main.strings; sourceTree = "<group>"; };
		D4438DCC1BD60B87000CB909 /* de */ = {isa = PBXFileReference; lastKnownFileType = text.plist.strings; name = de; path = de.lproj/LaunchScreen.strings; sourceTree = "<group>"; };
		D4438DCD1BD60B87000CB909 /* de */ = {isa = PBXFileReference; lastKnownFileType = text.plist.strings; name = de; path = de.lproj/Localizable.strings; sourceTree = "<group>"; };
		D4438DD31BD61767000CB909 /* UIAlertControllerExtension.swift */ = {isa = PBXFileReference; fileEncoding = 4; lastKnownFileType = sourcecode.swift; path = UIAlertControllerExtension.swift; sourceTree = "<group>"; };
		D4445B7F1BB84D76005D155F /* ObjectMapper.swift */ = {isa = PBXFileReference; fileEncoding = 4; lastKnownFileType = sourcecode.swift; path = ObjectMapper.swift; sourceTree = "<group>"; };
		D445264E1BF3BF65007FE8D8 /* WebImage.framework.dSYM */ = {isa = PBXFileReference; lastKnownFileType = wrapper.dsym; name = WebImage.framework.dSYM; path = Carthage/Build/iOS/WebImage.framework.dSYM; sourceTree = "<group>"; };
		D44526501BF3C28A007FE8D8 /* piclet-Bridging-Header.h */ = {isa = PBXFileReference; lastKnownFileType = sourcecode.c.h; path = "piclet-Bridging-Header.h"; sourceTree = "<group>"; };
		D44E04A11C352E1A003B502C /* ProfileStatsTableViewController.swift */ = {isa = PBXFileReference; fileEncoding = 4; lastKnownFileType = sourcecode.swift; path = ProfileStatsTableViewController.swift; sourceTree = "<group>"; };
		D44E04A51C352E40003B502C /* ProfileHistoryTableViewController.swift */ = {isa = PBXFileReference; fileEncoding = 4; lastKnownFileType = sourcecode.swift; path = ProfileHistoryTableViewController.swift; sourceTree = "<group>"; };
		D45650401C059E3400C428EE /* ProfileCollectionViewController.swift */ = {isa = PBXFileReference; fileEncoding = 4; lastKnownFileType = sourcecode.swift; path = ProfileCollectionViewController.swift; sourceTree = "<group>"; };
		D459D68B1C1CDB81003A26E4 /* JTSAnimatedGIFUtility.h */ = {isa = PBXFileReference; fileEncoding = 4; lastKnownFileType = sourcecode.c.h; name = JTSAnimatedGIFUtility.h; path = Frameworks/JTSAnimatedGIFUtility.h; sourceTree = "<group>"; };
		D459D68C1C1CDB81003A26E4 /* JTSAnimatedGIFUtility.m */ = {isa = PBXFileReference; fileEncoding = 4; lastKnownFileType = sourcecode.c.objc; name = JTSAnimatedGIFUtility.m; path = Frameworks/JTSAnimatedGIFUtility.m; sourceTree = "<group>"; };
		D459D68D1C1CDB81003A26E4 /* JTSImageInfo.h */ = {isa = PBXFileReference; fileEncoding = 4; lastKnownFileType = sourcecode.c.h; name = JTSImageInfo.h; path = Frameworks/JTSImageInfo.h; sourceTree = "<group>"; };
		D459D68E1C1CDB81003A26E4 /* JTSImageInfo.m */ = {isa = PBXFileReference; fileEncoding = 4; lastKnownFileType = sourcecode.c.objc; name = JTSImageInfo.m; path = Frameworks/JTSImageInfo.m; sourceTree = "<group>"; };
		D459D68F1C1CDB81003A26E4 /* JTSImageViewController.h */ = {isa = PBXFileReference; fileEncoding = 4; lastKnownFileType = sourcecode.c.h; name = JTSImageViewController.h; path = Frameworks/JTSImageViewController.h; sourceTree = "<group>"; };
		D459D6901C1CDB81003A26E4 /* JTSImageViewController.m */ = {isa = PBXFileReference; fileEncoding = 4; lastKnownFileType = sourcecode.c.objc; name = JTSImageViewController.m; path = Frameworks/JTSImageViewController.m; sourceTree = "<group>"; };
		D459D6911C1CDB81003A26E4 /* JTSSimpleImageDownloader.h */ = {isa = PBXFileReference; fileEncoding = 4; lastKnownFileType = sourcecode.c.h; name = JTSSimpleImageDownloader.h; path = Frameworks/JTSSimpleImageDownloader.h; sourceTree = "<group>"; };
		D459D6921C1CDB81003A26E4 /* JTSSimpleImageDownloader.m */ = {isa = PBXFileReference; fileEncoding = 4; lastKnownFileType = sourcecode.c.objc; name = JTSSimpleImageDownloader.m; path = Frameworks/JTSSimpleImageDownloader.m; sourceTree = "<group>"; };
		D459D6931C1CDB81003A26E4 /* UIApplication+JTSImageViewController.h */ = {isa = PBXFileReference; fileEncoding = 4; lastKnownFileType = sourcecode.c.h; name = "UIApplication+JTSImageViewController.h"; path = "Frameworks/UIApplication+JTSImageViewController.h"; sourceTree = "<group>"; };
		D459D6941C1CDB81003A26E4 /* UIApplication+JTSImageViewController.m */ = {isa = PBXFileReference; fileEncoding = 4; lastKnownFileType = sourcecode.c.objc; name = "UIApplication+JTSImageViewController.m"; path = "Frameworks/UIApplication+JTSImageViewController.m"; sourceTree = "<group>"; };
		D459D6951C1CDB81003A26E4 /* UIImage+JTSImageEffects.h */ = {isa = PBXFileReference; fileEncoding = 4; lastKnownFileType = sourcecode.c.h; name = "UIImage+JTSImageEffects.h"; path = "Frameworks/UIImage+JTSImageEffects.h"; sourceTree = "<group>"; };
		D459D6961C1CDB81003A26E4 /* UIImage+JTSImageEffects.m */ = {isa = PBXFileReference; fileEncoding = 4; lastKnownFileType = sourcecode.c.objc; name = "UIImage+JTSImageEffects.m"; path = "Frameworks/UIImage+JTSImageEffects.m"; sourceTree = "<group>"; };
		D462CB711BCBD1D000701EFF /* Challenge.swift */ = {isa = PBXFileReference; fileEncoding = 4; lastKnownFileType = sourcecode.swift; path = Challenge.swift; sourceTree = "<group>"; };
		D462CB731BCBD3EE00701EFF /* Post.swift */ = {isa = PBXFileReference; fileEncoding = 4; lastKnownFileType = sourcecode.swift; path = Post.swift; sourceTree = "<group>"; };
		D46494801BEF523900AA48C4 /* ImageUploadViewController.swift */ = {isa = PBXFileReference; fileEncoding = 4; lastKnownFileType = sourcecode.swift; path = ImageUploadViewController.swift; sourceTree = "<group>"; };
		D46494841BEF900C00AA48C4 /* UserAccount.swift */ = {isa = PBXFileReference; fileEncoding = 4; lastKnownFileType = sourcecode.swift; path = UserAccount.swift; sourceTree = "<group>"; };
		D46799401C18463500B24EF2 /* ProfileCollectionViewCell.swift */ = {isa = PBXFileReference; fileEncoding = 4; lastKnownFileType = sourcecode.swift; path = ProfileCollectionViewCell.swift; sourceTree = "<group>"; };
		D4689B361C88C80E00647DDB /* ProfileStats.storyboard */ = {isa = PBXFileReference; fileEncoding = 4; lastKnownFileType = file.storyboard; path = ProfileStats.storyboard; sourceTree = "<group>"; };
		D4689B3A1C88CD2400647DDB /* ProfileImage.storyboard */ = {isa = PBXFileReference; fileEncoding = 4; lastKnownFileType = file.storyboard; path = ProfileImage.storyboard; sourceTree = "<group>"; };
		D4689B3F1C88D06200647DDB /* ProfileHistory.storyboard */ = {isa = PBXFileReference; fileEncoding = 4; lastKnownFileType = file.storyboard; path = ProfileHistory.storyboard; sourceTree = "<group>"; };
		D469120F1BAC03C30012CE7C /* piclet.app */ = {isa = PBXFileReference; explicitFileType = wrapper.application; includeInIndex = 0; path = piclet.app; sourceTree = BUILT_PRODUCTS_DIR; };
		D46912121BAC03C30012CE7C /* AppDelegate.swift */ = {isa = PBXFileReference; lastKnownFileType = sourcecode.swift; path = AppDelegate.swift; sourceTree = "<group>"; };
		D46912171BAC03C30012CE7C /* Base */ = {isa = PBXFileReference; lastKnownFileType = file.storyboard; name = Base; path = Base.lproj/Main.storyboard; sourceTree = "<group>"; };
		D469121C1BAC03C30012CE7C /* Assets.xcassets */ = {isa = PBXFileReference; lastKnownFileType = folder.assetcatalog; path = Assets.xcassets; sourceTree = "<group>"; };
		D469121F1BAC03C30012CE7C /* Base */ = {isa = PBXFileReference; lastKnownFileType = file.storyboard; name = Base; path = Base.lproj/LaunchScreen.storyboard; sourceTree = "<group>"; };
		D46912211BAC03C30012CE7C /* Info.plist */ = {isa = PBXFileReference; lastKnownFileType = text.plist.xml; path = Info.plist; sourceTree = "<group>"; };
		D46912461BAC0D970012CE7C /* LoginViewController.swift */ = {isa = PBXFileReference; fileEncoding = 4; lastKnownFileType = sourcecode.swift; path = LoginViewController.swift; sourceTree = "<group>"; };
		D46D1AF81C02E5C000C712C7 /* PostsViewController.swift */ = {isa = PBXFileReference; fileEncoding = 4; lastKnownFileType = sourcecode.swift; path = PostsViewController.swift; sourceTree = "<group>"; };
		D4783E6B1BEDE179007FAF9E /* ImagePickerViewController.swift */ = {isa = PBXFileReference; fileEncoding = 4; lastKnownFileType = sourcecode.swift; path = ImagePickerViewController.swift; sourceTree = "<group>"; };
		D47C56511C41A838004F8FAC /* MyChallengeViewController.swift */ = {isa = PBXFileReference; fileEncoding = 4; lastKnownFileType = sourcecode.swift; path = MyChallengeViewController.swift; sourceTree = "<group>"; };
		D47E5E211BD2939B003E9351 /* PostsTableViewCell.swift */ = {isa = PBXFileReference; fileEncoding = 4; lastKnownFileType = sourcecode.swift; path = PostsTableViewCell.swift; sourceTree = "<group>"; };
		D48E3C7C1BCCF76C006C702A /* ErrorHandler.swift */ = {isa = PBXFileReference; fileEncoding = 4; lastKnownFileType = sourcecode.swift; path = ErrorHandler.swift; sourceTree = "<group>"; };
		D49A70581BF3BE79004EA711 /* WebImage.framework */ = {isa = PBXFileReference; lastKnownFileType = wrapper.framework; name = WebImage.framework; path = Carthage/Build/iOS/WebImage.framework; sourceTree = "<group>"; };
		D4A27E0E1C918701007DC1E1 /* RealmSwift.framework */ = {isa = PBXFileReference; lastKnownFileType = wrapper.framework; name = RealmSwift.framework; path = Carthage/Build/iOS/RealmSwift.framework; sourceTree = "<group>"; };
		D4A27E101C918757007DC1E1 /* RealmSwift.framework.dSYM */ = {isa = PBXFileReference; lastKnownFileType = wrapper.dsym; name = RealmSwift.framework.dSYM; path = Carthage/Build/iOS/RealmSwift.framework.dSYM; sourceTree = "<group>"; };
		D4A27E161C919032007DC1E1 /* UserAccess.swift */ = {isa = PBXFileReference; fileEncoding = 4; lastKnownFileType = sourcecode.swift; path = UserAccess.swift; sourceTree = "<group>"; };
		D4A27E1A1C919434007DC1E1 /* Realm.framework */ = {isa = PBXFileReference; lastKnownFileType = wrapper.framework; name = Realm.framework; path = Carthage/Build/iOS/Realm.framework; sourceTree = "<group>"; };
		D4A27E1C1C919457007DC1E1 /* Realm.framework.dSYM */ = {isa = PBXFileReference; lastKnownFileType = wrapper.dsym; name = Realm.framework.dSYM; path = Carthage/Build/iOS/Realm.framework.dSYM; sourceTree = "<group>"; };
		D4BE33EE1C91D86200483576 /* ProfileViewControllerDelegate.swift */ = {isa = PBXFileReference; fileEncoding = 4; lastKnownFileType = sourcecode.swift; path = ProfileViewControllerDelegate.swift; sourceTree = "<group>"; };
		D4BE33F81C91DE2900483576 /* picletTests.xctest */ = {isa = PBXFileReference; explicitFileType = wrapper.cfbundle; includeInIndex = 0; path = picletTests.xctest; sourceTree = BUILT_PRODUCTS_DIR; };
		D4BE33FC1C91DE2900483576 /* Info.plist */ = {isa = PBXFileReference; lastKnownFileType = text.plist.xml; path = Info.plist; sourceTree = "<group>"; };
		D4C225C11C343169002169DF /* ProfileImageViewController.swift */ = {isa = PBXFileReference; fileEncoding = 4; lastKnownFileType = sourcecode.swift; path = ProfileImageViewController.swift; sourceTree = "<group>"; };
		D4C225C51C34329F002169DF /* UIViewExtension.swift */ = {isa = PBXFileReference; fileEncoding = 4; lastKnownFileType = sourcecode.swift; path = UIViewExtension.swift; sourceTree = "<group>"; };
		D4CDEAAE1BDDFCDD00F4C51B /* UIViewControllerExtension.swift */ = {isa = PBXFileReference; fileEncoding = 4; lastKnownFileType = sourcecode.swift; path = UIViewControllerExtension.swift; sourceTree = "<group>"; };
		D4CF2F291CA3E2F000FC0AE0 /* GoogleSignIn.bundle */ = {isa = PBXFileReference; lastKnownFileType = "wrapper.plug-in"; path = GoogleSignIn.bundle; sourceTree = "<group>"; };
		D4CF2F2A1CA3E2F000FC0AE0 /* GoogleSignIn.framework */ = {isa = PBXFileReference; lastKnownFileType = wrapper.framework; path = GoogleSignIn.framework; sourceTree = "<group>"; };
		D4CF2F2F1CA3E65B00FC0AE0 /* AddressBook.framework */ = {isa = PBXFileReference; lastKnownFileType = wrapper.framework; name = AddressBook.framework; path = System/Library/Frameworks/AddressBook.framework; sourceTree = SDKROOT; };
		D4CF2F311CA3E66400FC0AE0 /* SafariServices.framework */ = {isa = PBXFileReference; lastKnownFileType = wrapper.framework; name = SafariServices.framework; path = System/Library/Frameworks/SafariServices.framework; sourceTree = SDKROOT; };
		D4CF2F331CA3E66D00FC0AE0 /* SystemConfiguration.framework */ = {isa = PBXFileReference; lastKnownFileType = wrapper.framework; name = SystemConfiguration.framework; path = System/Library/Frameworks/SystemConfiguration.framework; sourceTree = SDKROOT; };
		D4CF2F351CA3E76300FC0AE0 /* GoogleService-Info.plist */ = {isa = PBXFileReference; fileEncoding = 4; lastKnownFileType = text.plist.xml; path = "GoogleService-Info.plist"; sourceTree = "<group>"; };
		D4D588E01C25B6A100BBC9C6 /* ActivityIndicatorView.swift */ = {isa = PBXFileReference; fileEncoding = 4; lastKnownFileType = sourcecode.swift; path = ActivityIndicatorView.swift; sourceTree = "<group>"; };
		D4FA80B91BDAAB63004682CB /* ChallengeViewController.swift */ = {isa = PBXFileReference; fileEncoding = 4; lastKnownFileType = sourcecode.swift; path = ChallengeViewController.swift; sourceTree = "<group>"; };
		D4FED0931C74BB2F007633FB /* SVProgressHUD.framework */ = {isa = PBXFileReference; lastKnownFileType = wrapper.framework; name = SVProgressHUD.framework; path = Carthage/Build/iOS/SVProgressHUD.framework; sourceTree = "<group>"; };
		D4FED0951C74BC0E007633FB /* SVProgressHUD.framework.dSYM */ = {isa = PBXFileReference; lastKnownFileType = wrapper.dsym; name = SVProgressHUD.framework.dSYM; path = Carthage/Build/iOS/SVProgressHUD.framework.dSYM; sourceTree = "<group>"; };
		D4FED0971C76246C007633FB /* BRYXBanner.framework */ = {isa = PBXFileReference; lastKnownFileType = wrapper.framework; name = BRYXBanner.framework; path = Carthage/Build/iOS/BRYXBanner.framework; sourceTree = "<group>"; };
		D4FED0991C7624CE007633FB /* BRYXBanner.framework.dSYM */ = {isa = PBXFileReference; lastKnownFileType = wrapper.dsym; name = BRYXBanner.framework.dSYM; path = Carthage/Build/iOS/BRYXBanner.framework.dSYM; sourceTree = "<group>"; };
		D4FED09B1C775DD3007633FB /* Formater.swift */ = {isa = PBXFileReference; fileEncoding = 4; lastKnownFileType = sourcecode.swift; path = Formater.swift; sourceTree = "<group>"; };
/* End PBXFileReference section */

/* Begin PBXFrameworksBuildPhase section */
		D469120C1BAC03C30012CE7C /* Frameworks */ = {
			isa = PBXFrameworksBuildPhase;
			buildActionMask = 2147483647;
			files = (
				D4422FC71CA92FB900216C72 /* StoreKit.framework in Frameworks */,
				D4CF2F341CA3E66D00FC0AE0 /* SystemConfiguration.framework in Frameworks */,
				D4CF2F321CA3E66400FC0AE0 /* SafariServices.framework in Frameworks */,
				D4CF2F301CA3E65B00FC0AE0 /* AddressBook.framework in Frameworks */,
				D4CF2F2D1CA3E2F000FC0AE0 /* GoogleSignIn.framework in Frameworks */,
				D4A27E1B1C919434007DC1E1 /* Realm.framework in Frameworks */,
				D4A27E0F1C918701007DC1E1 /* RealmSwift.framework in Frameworks */,
				D4FED0981C76246C007633FB /* BRYXBanner.framework in Frameworks */,
				D4FED0941C74BB2F007633FB /* SVProgressHUD.framework in Frameworks */,
				D42A2E891BF6935E00B96063 /* Alamofire.framework in Frameworks */,
				D49A70591BF3BE79004EA711 /* WebImage.framework in Frameworks */,
			);
			runOnlyForDeploymentPostprocessing = 0;
		};
		D4BE33F51C91DE2900483576 /* Frameworks */ = {
			isa = PBXFrameworksBuildPhase;
			buildActionMask = 2147483647;
			files = (
				D4BE34081C91E12A00483576 /* SVProgressHUD.framework in Frameworks */,
				D4CF2F2E1CA3E2F000FC0AE0 /* GoogleSignIn.framework in Frameworks */,
				D4BE34051C91E0E300483576 /* Alamofire.framework in Frameworks */,
			);
			runOnlyForDeploymentPostprocessing = 0;
		};
/* End PBXFrameworksBuildPhase section */

/* Begin PBXGroup section */
		7244FEF7F9F0A29AAA20F52B /* Frameworks */ = {
			isa = PBXGroup;
			children = (
				D4422FC61CA92FB900216C72 /* StoreKit.framework */,
				D4CF2F331CA3E66D00FC0AE0 /* SystemConfiguration.framework */,
				D4CF2F311CA3E66400FC0AE0 /* SafariServices.framework */,
				D4CF2F2F1CA3E65B00FC0AE0 /* AddressBook.framework */,
				D4CF2F281CA3E2D000FC0AE0 /* GoogleSignIn */,
				D4D9A8851C1CD21F009F5F22 /* JTSImageViewController */,
				D4A27E1A1C919434007DC1E1 /* Realm.framework */,
				D4A27E1C1C919457007DC1E1 /* Realm.framework.dSYM */,
				D4A27E0E1C918701007DC1E1 /* RealmSwift.framework */,
				D4A27E101C918757007DC1E1 /* RealmSwift.framework.dSYM */,
				D4FED0971C76246C007633FB /* BRYXBanner.framework */,
				D4FED0991C7624CE007633FB /* BRYXBanner.framework.dSYM */,
				D4FED0931C74BB2F007633FB /* SVProgressHUD.framework */,
				D4FED0951C74BC0E007633FB /* SVProgressHUD.framework.dSYM */,
				D42B5D381C1CC81E00BE771D /* ImageViewer.framework */,
				D42B5D3A1C1CC87800BE771D /* ImageViewer.framework.dSYM */,
				D42A2E881BF6935E00B96063 /* Alamofire.framework */,
				D42A2E8A1BF6938A00B96063 /* Alamofire.framework.dSYM */,
				D49A70581BF3BE79004EA711 /* WebImage.framework */,
				D445264E1BF3BF65007FE8D8 /* WebImage.framework.dSYM */,
			);
			name = Frameworks;
			sourceTree = "<group>";
		};
		D42734201C9180D3006BA9DB /* ProfileCollection */ = {
			isa = PBXGroup;
			children = (
				D45650401C059E3400C428EE /* ProfileCollectionViewController.swift */,
				D46799401C18463500B24EF2 /* ProfileCollectionViewCell.swift */,
			);
			name = ProfileCollection;
			sourceTree = "<group>";
		};
		D4438DB51BD521B2000CB909 /* CreateChallenge */ = {
			isa = PBXGroup;
			children = (
				D4438DB61BD521DA000CB909 /* CreateChallengeViewController.swift */,
				D4438DBA1BD57883000CB909 /* CreateTextField.swift */,
			);
			name = CreateChallenge;
			sourceTree = "<group>";
		};
		D4438DD21BD6159C000CB909 /* Extension */ = {
			isa = PBXGroup;
			children = (
				D44248F21BE5567800C88B50 /* UIImageExtenstion.swift */,
				D4438DD31BD61767000CB909 /* UIAlertControllerExtension.swift */,
				D4CDEAAE1BDDFCDD00F4C51B /* UIViewControllerExtension.swift */,
				D4C225C51C34329F002169DF /* UIViewExtension.swift */,
				D4133F4B1C3955F40093D167 /* UIImagePickerControllerExtension.swift */,
				D4422FD11CA98D5B00216C72 /* UITextFieldExtension.swift */,
				D4422FD41CA98F9500216C72 /* UIButtonExtension.swift */,
			);
			name = Extension;
			sourceTree = "<group>";
		};
		D4689B3E1C88D04100647DDB /* ProfileHistoryTable */ = {
			isa = PBXGroup;
			children = (
				D44E04A51C352E40003B502C /* ProfileHistoryTableViewController.swift */,
				D4689B3F1C88D06200647DDB /* ProfileHistory.storyboard */,
			);
			name = ProfileHistoryTable;
			sourceTree = "<group>";
		};
		D46912061BAC03C30012CE7C = {
			isa = PBXGroup;
			children = (
				D4CF2F351CA3E76300FC0AE0 /* GoogleService-Info.plist */,
				D46912111BAC03C30012CE7C /* piclet */,
				D4BE33F91C91DE2900483576 /* picletTests */,
				D46912101BAC03C30012CE7C /* Products */,
				7244FEF7F9F0A29AAA20F52B /* Frameworks */,
			);
			sourceTree = "<group>";
		};
		D46912101BAC03C30012CE7C /* Products */ = {
			isa = PBXGroup;
			children = (
				D469120F1BAC03C30012CE7C /* piclet.app */,
				D4BE33F81C91DE2900483576 /* picletTests.xctest */,
			);
			name = Products;
			sourceTree = "<group>";
		};
		D46912111BAC03C30012CE7C /* piclet */ = {
			isa = PBXGroup;
			children = (
				D4438DD21BD6159C000CB909 /* Extension */,
				D46912441BAC0D600012CE7C /* Model */,
				D4DE2F8A1C25A0F200C14B23 /* View */,
				D46912451BAC0D650012CE7C /* Storyboard */,
				D46912431BAC0D590012CE7C /* ViewController */,
				D469124A1BAC0DB60012CE7C /* Others */,
			);
			path = piclet;
			sourceTree = "<group>";
		};
		D46912431BAC0D590012CE7C /* ViewController */ = {
			isa = PBXGroup;
			children = (
				D4CBA8821C2DF0FD00B47820 /* Login */,
				D47E5E251BD293A0003E9351 /* Challenges */,
				D4438DB51BD521B2000CB909 /* CreateChallenge */,
				D47E5E261BD293AE003E9351 /* Posts */,
				D4783E6A1BEDE07D007FAF9E /* CreatePost */,
				D47E5E271BD293BD003E9351 /* Profile */,
				D44248EA1BE5405E00C88B50 /* TabBarViewController.swift */,
			);
			name = ViewController;
			sourceTree = "<group>";
		};
		D46912441BAC0D600012CE7C /* Model */ = {
			isa = PBXGroup;
			children = (
				D4A27E091C9186B2007DC1E1 /* Realm */,
				D4181CC71BAC4456001155B6 /* UserDataValidator.swift */,
				D4105BEE1BBE65AC006D742D /* ApiProxy.swift */,
				D4445B7F1BB84D76005D155F /* ObjectMapper.swift */,
				D4181CCD1BAC62F0001155B6 /* NetworkHandler.swift */,
				D44248F61BE583E100C88B50 /* ChallengeCollection.swift */,
				D462CB711BCBD1D000701EFF /* Challenge.swift */,
				D462CB731BCBD3EE00701EFF /* Post.swift */,
				D48E3C7C1BCCF76C006C702A /* ErrorHandler.swift */,
				D4438DBE1BD60685000CB909 /* TimeHandler.swift */,
				D46494841BEF900C00AA48C4 /* UserAccount.swift */,
				D4085C511BF0FAD700051436 /* ImageHandler.swift */,
				D4FED09B1C775DD3007633FB /* Formater.swift */,
			);
			name = Model;
			sourceTree = "<group>";
		};
		D46912451BAC0D650012CE7C /* Storyboard */ = {
			isa = PBXGroup;
			children = (
				D46912161BAC03C30012CE7C /* Main.storyboard */,
				D469121E1BAC03C30012CE7C /* LaunchScreen.storyboard */,
			);
			name = Storyboard;
			sourceTree = "<group>";
		};
		D469124A1BAC0DB60012CE7C /* Others */ = {
			isa = PBXGroup;
			children = (
				D46912121BAC03C30012CE7C /* AppDelegate.swift */,
				D44526501BF3C28A007FE8D8 /* piclet-Bridging-Header.h */,
				D469121C1BAC03C30012CE7C /* Assets.xcassets */,
				D46912211BAC03C30012CE7C /* Info.plist */,
				D4438DCA1BD60ABD000CB909 /* Localizable.strings */,
			);
			name = Others;
			sourceTree = "<group>";
		};
		D4783E6A1BEDE07D007FAF9E /* CreatePost */ = {
			isa = PBXGroup;
			children = (
				D4783E6B1BEDE179007FAF9E /* ImagePickerViewController.swift */,
				D46494801BEF523900AA48C4 /* ImageUploadViewController.swift */,
			);
			name = CreatePost;
			sourceTree = "<group>";
		};
		D47E5E251BD293A0003E9351 /* Challenges */ = {
			isa = PBXGroup;
			children = (
				D4FA80B91BDAAB63004682CB /* ChallengeViewController.swift */,
				D42F96A41BCBFC3B00544C69 /* ChallengeTableViewCell.swift */,
				D47C56511C41A838004F8FAC /* MyChallengeViewController.swift */,
			);
			name = Challenges;
			sourceTree = "<group>";
		};
		D47E5E261BD293AE003E9351 /* Posts */ = {
			isa = PBXGroup;
			children = (
				D46D1AF81C02E5C000C712C7 /* PostsViewController.swift */,
				D47E5E211BD2939B003E9351 /* PostsTableViewCell.swift */,
				D408DA311BECC27C00772757 /* PostsTableViewDelegate.swift */,
			);
			name = Posts;
			sourceTree = "<group>";
		};
		D47E5E271BD293BD003E9351 /* Profile */ = {
			isa = PBXGroup;
			children = (
				D427341C1C91807E006BA9DB /* ProfileViewController.swift */,
				D4BE33EE1C91D86200483576 /* ProfileViewControllerDelegate.swift */,
				D4A917C31C7A45C200186DEC /* ProfileImage */,
				D4A917C41C7A50D000186DEC /* ProfileStatsTable */,
				D4689B3E1C88D04100647DDB /* ProfileHistoryTable */,
				D42734201C9180D3006BA9DB /* ProfileCollection */,
			);
			name = Profile;
			sourceTree = "<group>";
		};
		D4A27E091C9186B2007DC1E1 /* Realm */ = {
			isa = PBXGroup;
			children = (
				D4431D091BBECB4B00086759 /* User.swift */,
				D4A27E161C919032007DC1E1 /* UserAccess.swift */,
			);
			name = Realm;
			sourceTree = "<group>";
		};
		D4A917C31C7A45C200186DEC /* ProfileImage */ = {
			isa = PBXGroup;
			children = (
				D4C225C11C343169002169DF /* ProfileImageViewController.swift */,
				D4689B3A1C88CD2400647DDB /* ProfileImage.storyboard */,
			);
			name = ProfileImage;
			sourceTree = "<group>";
		};
		D4A917C41C7A50D000186DEC /* ProfileStatsTable */ = {
			isa = PBXGroup;
			children = (
				D44E04A11C352E1A003B502C /* ProfileStatsTableViewController.swift */,
				D4689B361C88C80E00647DDB /* ProfileStats.storyboard */,
			);
			name = ProfileStatsTable;
			sourceTree = "<group>";
		};
		D4BE33F91C91DE2900483576 /* picletTests */ = {
			isa = PBXGroup;
			children = (
				D4181CCB1BAC4C28001155B6 /* UserDataValidatorTests.swift */,
				D4BE33FC1C91DE2900483576 /* Info.plist */,
			);
			path = picletTests;
			sourceTree = "<group>";
		};
		D4CBA8821C2DF0FD00B47820 /* Login */ = {
			isa = PBXGroup;
			children = (
				D46912461BAC0D970012CE7C /* LoginViewController.swift */,
				D4422FCE1CA9768B00216C72 /* UsernameViewController.swift */,
				D4422FCB1CA9748100216C72 /* Username.storyboard */,
			);
			name = Login;
			sourceTree = "<group>";
		};
		D4CF2F281CA3E2D000FC0AE0 /* GoogleSignIn */ = {
			isa = PBXGroup;
			children = (
				D4CF2F291CA3E2F000FC0AE0 /* GoogleSignIn.bundle */,
				D4CF2F2A1CA3E2F000FC0AE0 /* GoogleSignIn.framework */,
			);
			name = GoogleSignIn;
			sourceTree = "<group>";
		};
		D4D9A8851C1CD21F009F5F22 /* JTSImageViewController */ = {
			isa = PBXGroup;
			children = (
				D459D68B1C1CDB81003A26E4 /* JTSAnimatedGIFUtility.h */,
				D459D68C1C1CDB81003A26E4 /* JTSAnimatedGIFUtility.m */,
				D459D68D1C1CDB81003A26E4 /* JTSImageInfo.h */,
				D459D68E1C1CDB81003A26E4 /* JTSImageInfo.m */,
				D459D68F1C1CDB81003A26E4 /* JTSImageViewController.h */,
				D459D6901C1CDB81003A26E4 /* JTSImageViewController.m */,
				D459D6911C1CDB81003A26E4 /* JTSSimpleImageDownloader.h */,
				D459D6921C1CDB81003A26E4 /* JTSSimpleImageDownloader.m */,
				D459D6931C1CDB81003A26E4 /* UIApplication+JTSImageViewController.h */,
				D459D6941C1CDB81003A26E4 /* UIApplication+JTSImageViewController.m */,
				D459D6951C1CDB81003A26E4 /* UIImage+JTSImageEffects.h */,
				D459D6961C1CDB81003A26E4 /* UIImage+JTSImageEffects.m */,
			);
			name = JTSImageViewController;
			sourceTree = "<group>";
		};
		D4DE2F8A1C25A0F200C14B23 /* View */ = {
			isa = PBXGroup;
			children = (
				D4D588E01C25B6A100BBC9C6 /* ActivityIndicatorView.swift */,
			);
			name = View;
			sourceTree = "<group>";
		};
/* End PBXGroup section */

/* Begin PBXNativeTarget section */
		D469120E1BAC03C30012CE7C /* piclet */ = {
			isa = PBXNativeTarget;
			buildConfigurationList = D469123A1BAC03C40012CE7C /* Build configuration list for PBXNativeTarget "piclet" */;
			buildPhases = (
				D469120B1BAC03C30012CE7C /* Sources */,
				D469120C1BAC03C30012CE7C /* Frameworks */,
				D469120D1BAC03C30012CE7C /* Resources */,
				D445264C1BF3BEBD007FE8D8 /* ShellScript */,
				D445264D1BF3BF2D007FE8D8 /* CopyFiles */,
			);
			buildRules = (
			);
			dependencies = (
			);
			name = piclet;
			productName = piclet;
			productReference = D469120F1BAC03C30012CE7C /* piclet.app */;
			productType = "com.apple.product-type.application";
		};
		D4BE33F71C91DE2900483576 /* picletTests */ = {
			isa = PBXNativeTarget;
			buildConfigurationList = D4BE33FF1C91DE2900483576 /* Build configuration list for PBXNativeTarget "picletTests" */;
			buildPhases = (
				D4BE33F41C91DE2900483576 /* Sources */,
				D4BE33F51C91DE2900483576 /* Frameworks */,
				D4BE33F61C91DE2900483576 /* Resources */,
			);
			buildRules = (
			);
			dependencies = (
				D4BE33FE1C91DE2900483576 /* PBXTargetDependency */,
			);
			name = picletTests;
			productName = picletTests;
			productReference = D4BE33F81C91DE2900483576 /* picletTests.xctest */;
			productType = "com.apple.product-type.bundle.unit-test";
		};
/* End PBXNativeTarget section */

/* Begin PBXProject section */
		D46912071BAC03C30012CE7C /* Project object */ = {
			isa = PBXProject;
			attributes = {
				LastSwiftUpdateCheck = 0720;
				LastUpgradeCheck = 0700;
				ORGANIZATIONNAME = "Filipe Santos Correa";
				TargetAttributes = {
					D469120E1BAC03C30012CE7C = {
						CreatedOnToolsVersion = 7.0;
						DevelopmentTeam = MSTZLMN72L;
					};
					D4BE33F71C91DE2900483576 = {
						CreatedOnToolsVersion = 7.2.1;
						TestTargetID = D469120E1BAC03C30012CE7C;
					};
				};
			};
			buildConfigurationList = D469120A1BAC03C30012CE7C /* Build configuration list for PBXProject "piclet" */;
			compatibilityVersion = "Xcode 3.2";
			developmentRegion = English;
			hasScannedForEncodings = 0;
			knownRegions = (
				en,
				Base,
				de,
			);
			mainGroup = D46912061BAC03C30012CE7C;
			productRefGroup = D46912101BAC03C30012CE7C /* Products */;
			projectDirPath = "";
			projectRoot = "";
			targets = (
				D469120E1BAC03C30012CE7C /* piclet */,
				D4BE33F71C91DE2900483576 /* picletTests */,
			);
		};
/* End PBXProject section */

/* Begin PBXResourcesBuildPhase section */
		D469120D1BAC03C30012CE7C /* Resources */ = {
			isa = PBXResourcesBuildPhase;
			buildActionMask = 2147483647;
			files = (
				D4422FCC1CA9748100216C72 /* Username.storyboard in Resources */,
				D4CF2F2B1CA3E2F000FC0AE0 /* GoogleSignIn.bundle in Resources */,
				D4438DC61BD60ABD000CB909 /* Localizable.strings in Resources */,
				D4CF2F361CA3E76300FC0AE0 /* GoogleService-Info.plist in Resources */,
				D4689B3B1C88CD2400647DDB /* ProfileImage.storyboard in Resources */,
				D4689B401C88D06200647DDB /* ProfileHistory.storyboard in Resources */,
				D46912201BAC03C30012CE7C /* LaunchScreen.storyboard in Resources */,
				D469121D1BAC03C30012CE7C /* Assets.xcassets in Resources */,
				D46912181BAC03C30012CE7C /* Main.storyboard in Resources */,
				D4689B371C88C80E00647DDB /* ProfileStats.storyboard in Resources */,
			);
			runOnlyForDeploymentPostprocessing = 0;
		};
		D4BE33F61C91DE2900483576 /* Resources */ = {
			isa = PBXResourcesBuildPhase;
			buildActionMask = 2147483647;
			files = (
				D4422FCD1CA9748100216C72 /* Username.storyboard in Resources */,
				D4CF2F2C1CA3E2F000FC0AE0 /* GoogleSignIn.bundle in Resources */,
				D4BE34091C91E12D00483576 /* SVProgressHUD.framework.dSYM in Resources */,
				D4CF2F371CA3E76300FC0AE0 /* GoogleService-Info.plist in Resources */,
			);
			runOnlyForDeploymentPostprocessing = 0;
		};
/* End PBXResourcesBuildPhase section */

/* Begin PBXShellScriptBuildPhase section */
		D445264C1BF3BEBD007FE8D8 /* ShellScript */ = {
			isa = PBXShellScriptBuildPhase;
			buildActionMask = 2147483647;
			files = (
			);
			inputPaths = (
				"$(SRCROOT)/Carthage/Build/iOS/WebImage.framework",
				"$(SRCROOT)/Carthage/Build/iOS/Alamofire.framework",
				"$(SRCROOT)/Carthage/Build/iOS/SVProgressHUD.framework",
				"$(SRCROOT)/Carthage/Build/iOS/BRYXBanner.framework",
				"$(SRCROOT)/Carthage/Build/iOS/RealmSwift.framework",
				"$(SRCROOT)/Carthage/Build/iOS/Realm.framework",
			);
			outputPaths = (
			);
			runOnlyForDeploymentPostprocessing = 0;
			shellPath = /bin/sh;
			shellScript = "/usr/local/bin/carthage copy-frameworks";
		};
/* End PBXShellScriptBuildPhase section */

/* Begin PBXSourcesBuildPhase section */
		D469120B1BAC03C30012CE7C /* Sources */ = {
			isa = PBXSourcesBuildPhase;
			buildActionMask = 2147483647;
			files = (
				D45650411C059E3400C428EE /* ProfileCollectionViewController.swift in Sources */,
				D4C225C61C34329F002169DF /* UIViewExtension.swift in Sources */,
				D46494811BEF523900AA48C4 /* ImageUploadViewController.swift in Sources */,
				D4438DB71BD521DA000CB909 /* CreateChallengeViewController.swift in Sources */,
				D4BE33EF1C91D86200483576 /* ProfileViewControllerDelegate.swift in Sources */,
				D4D588E11C25B6A100BBC9C6 /* ActivityIndicatorView.swift in Sources */,
				D427341D1C91807E006BA9DB /* ProfileViewController.swift in Sources */,
				D459D69D1C1CDB81003A26E4 /* JTSImageViewController.m in Sources */,
				D4A27E171C919032007DC1E1 /* UserAccess.swift in Sources */,
				D46912471BAC0D970012CE7C /* LoginViewController.swift in Sources */,
				D44248F71BE583E100C88B50 /* ChallengeCollection.swift in Sources */,
				D4422FD51CA98F9500216C72 /* UIButtonExtension.swift in Sources */,
				D459D6A61C1CDB81003A26E4 /* UIImage+JTSImageEffects.m in Sources */,
				D4445B801BB84D76005D155F /* ObjectMapper.swift in Sources */,
				D44248EB1BE5405E00C88B50 /* TabBarViewController.swift in Sources */,
				D408DA321BECC27C00772757 /* PostsTableViewDelegate.swift in Sources */,
				D46799411C18463500B24EF2 /* ProfileCollectionViewCell.swift in Sources */,
				D46494851BEF900C00AA48C4 /* UserAccount.swift in Sources */,
				D4181CC81BAC4456001155B6 /* UserDataValidator.swift in Sources */,
				D4085C521BF0FAD700051436 /* ImageHandler.swift in Sources */,
				D4438DD41BD61767000CB909 /* UIAlertControllerExtension.swift in Sources */,
				D459D69A1C1CDB81003A26E4 /* JTSImageInfo.m in Sources */,
				D46912131BAC03C30012CE7C /* AppDelegate.swift in Sources */,
				D459D6A01C1CDB81003A26E4 /* JTSSimpleImageDownloader.m in Sources */,
				D462CB721BCBD1D000701EFF /* Challenge.swift in Sources */,
				D48E3C7D1BCCF76C006C702A /* ErrorHandler.swift in Sources */,
				D4422FD21CA98D5B00216C72 /* UITextFieldExtension.swift in Sources */,
				D4438DBF1BD60685000CB909 /* TimeHandler.swift in Sources */,
				D459D6971C1CDB81003A26E4 /* JTSAnimatedGIFUtility.m in Sources */,
				D44248F31BE5567800C88B50 /* UIImageExtenstion.swift in Sources */,
				D4C225C21C343169002169DF /* ProfileImageViewController.swift in Sources */,
				D4105BEF1BBE65AC006D742D /* ApiProxy.swift in Sources */,
				D462CB741BCBD3EE00701EFF /* Post.swift in Sources */,
				D44E04A61C352E40003B502C /* ProfileHistoryTableViewController.swift in Sources */,
				D44E04A21C352E1A003B502C /* ProfileStatsTableViewController.swift in Sources */,
				D4FA80BA1BDAAB63004682CB /* ChallengeViewController.swift in Sources */,
				D4CDEAAF1BDDFCDD00F4C51B /* UIViewControllerExtension.swift in Sources */,
				D42F96A51BCBFC3B00544C69 /* ChallengeTableViewCell.swift in Sources */,
				D46D1AF91C02E5C000C712C7 /* PostsViewController.swift in Sources */,
				D4783E6C1BEDE179007FAF9E /* ImagePickerViewController.swift in Sources */,
				D47E5E221BD2939B003E9351 /* PostsTableViewCell.swift in Sources */,
				D4FED09C1C775DD3007633FB /* Formater.swift in Sources */,
				D47C56521C41A838004F8FAC /* MyChallengeViewController.swift in Sources */,
				D459D6A31C1CDB81003A26E4 /* UIApplication+JTSImageViewController.m in Sources */,
				D4181CCE1BAC62F0001155B6 /* NetworkHandler.swift in Sources */,
				D4438DBB1BD57883000CB909 /* CreateTextField.swift in Sources */,
				D4422FCF1CA9768B00216C72 /* UsernameViewController.swift in Sources */,
				D4133F4C1C3955F50093D167 /* UIImagePickerControllerExtension.swift in Sources */,
				D4431D0B1BBECB4B00086759 /* User.swift in Sources */,
			);
			runOnlyForDeploymentPostprocessing = 0;
		};
		D4BE33F41C91DE2900483576 /* Sources */ = {
			isa = PBXSourcesBuildPhase;
			buildActionMask = 2147483647;
			files = (
				D4422FD01CA9768B00216C72 /* UsernameViewController.swift in Sources */,
				D4422FD31CA98D5B00216C72 /* UITextFieldExtension.swift in Sources */,
				D4BE34061C91E0F300483576 /* UserDataValidator.swift in Sources */,
				D4BE34071C91E0FC00483576 /* ErrorHandler.swift in Sources */,
				D4422FD61CA98F9500216C72 /* UIButtonExtension.swift in Sources */,
				D4BE34021C91DE3F00483576 /* UserDataValidatorTests.swift in Sources */,
				D4BE34031C91DE5C00483576 /* NetworkHandler.swift in Sources */,
			);
			runOnlyForDeploymentPostprocessing = 0;
		};
/* End PBXSourcesBuildPhase section */

/* Begin PBXTargetDependency section */
		D4BE33FE1C91DE2900483576 /* PBXTargetDependency */ = {
			isa = PBXTargetDependency;
			target = D469120E1BAC03C30012CE7C /* piclet */;
			targetProxy = D4BE33FD1C91DE2900483576 /* PBXContainerItemProxy */;
		};
/* End PBXTargetDependency section */

/* Begin PBXVariantGroup section */
		D4438DCA1BD60ABD000CB909 /* Localizable.strings */ = {
			isa = PBXVariantGroup;
			children = (
				D4438DC91BD60ABD000CB909 /* en */,
				D4438DCD1BD60B87000CB909 /* de */,
			);
			name = Localizable.strings;
			sourceTree = "<group>";
		};
		D46912161BAC03C30012CE7C /* Main.storyboard */ = {
			isa = PBXVariantGroup;
			children = (
				D46912171BAC03C30012CE7C /* Base */,
				D4438DCB1BD60B87000CB909 /* de */,
			);
			name = Main.storyboard;
			sourceTree = "<group>";
		};
		D469121E1BAC03C30012CE7C /* LaunchScreen.storyboard */ = {
			isa = PBXVariantGroup;
			children = (
				D469121F1BAC03C30012CE7C /* Base */,
				D4438DCC1BD60B87000CB909 /* de */,
			);
			name = LaunchScreen.storyboard;
			sourceTree = "<group>";
		};
/* End PBXVariantGroup section */

/* Begin XCBuildConfiguration section */
		D46912381BAC03C40012CE7C /* Debug */ = {
			isa = XCBuildConfiguration;
			buildSettings = {
				ALWAYS_SEARCH_USER_PATHS = NO;
				CLANG_CXX_LANGUAGE_STANDARD = "gnu++0x";
				CLANG_CXX_LIBRARY = "libc++";
				CLANG_ENABLE_MODULES = YES;
				CLANG_ENABLE_OBJC_ARC = YES;
				CLANG_WARN_BOOL_CONVERSION = YES;
				CLANG_WARN_CONSTANT_CONVERSION = YES;
				CLANG_WARN_DIRECT_OBJC_ISA_USAGE = YES_ERROR;
				CLANG_WARN_EMPTY_BODY = YES;
				CLANG_WARN_ENUM_CONVERSION = YES;
				CLANG_WARN_INT_CONVERSION = YES;
				CLANG_WARN_OBJC_ROOT_CLASS = YES_ERROR;
				CLANG_WARN_UNREACHABLE_CODE = YES;
				CLANG_WARN__DUPLICATE_METHOD_MATCH = YES;
				"CODE_SIGN_IDENTITY[sdk=iphoneos*]" = "iPhone Developer";
				COPY_PHASE_STRIP = NO;
				DEBUG_INFORMATION_FORMAT = dwarf;
				ENABLE_STRICT_OBJC_MSGSEND = YES;
				ENABLE_TESTABILITY = YES;
				GCC_C_LANGUAGE_STANDARD = gnu99;
				GCC_DYNAMIC_NO_PIC = NO;
				GCC_NO_COMMON_BLOCKS = YES;
				GCC_OPTIMIZATION_LEVEL = 0;
				GCC_PREPROCESSOR_DEFINITIONS = (
					"DEBUG=1",
					"$(inherited)",
				);
				GCC_WARN_64_TO_32_BIT_CONVERSION = YES;
				GCC_WARN_ABOUT_RETURN_TYPE = YES_ERROR;
				GCC_WARN_UNDECLARED_SELECTOR = YES;
				GCC_WARN_UNINITIALIZED_AUTOS = YES_AGGRESSIVE;
				GCC_WARN_UNUSED_FUNCTION = YES;
				GCC_WARN_UNUSED_VARIABLE = YES;
				IPHONEOS_DEPLOYMENT_TARGET = 8.0;
				MTL_ENABLE_DEBUG_INFO = YES;
				ONLY_ACTIVE_ARCH = YES;
				SDKROOT = iphoneos;
				SWIFT_OPTIMIZATION_LEVEL = "-Onone";
				TARGETED_DEVICE_FAMILY = "1,2";
			};
			name = Debug;
		};
		D46912391BAC03C40012CE7C /* Release */ = {
			isa = XCBuildConfiguration;
			buildSettings = {
				ALWAYS_SEARCH_USER_PATHS = NO;
				CLANG_CXX_LANGUAGE_STANDARD = "gnu++0x";
				CLANG_CXX_LIBRARY = "libc++";
				CLANG_ENABLE_MODULES = YES;
				CLANG_ENABLE_OBJC_ARC = YES;
				CLANG_WARN_BOOL_CONVERSION = YES;
				CLANG_WARN_CONSTANT_CONVERSION = YES;
				CLANG_WARN_DIRECT_OBJC_ISA_USAGE = YES_ERROR;
				CLANG_WARN_EMPTY_BODY = YES;
				CLANG_WARN_ENUM_CONVERSION = YES;
				CLANG_WARN_INT_CONVERSION = YES;
				CLANG_WARN_OBJC_ROOT_CLASS = YES_ERROR;
				CLANG_WARN_UNREACHABLE_CODE = YES;
				CLANG_WARN__DUPLICATE_METHOD_MATCH = YES;
				"CODE_SIGN_IDENTITY[sdk=iphoneos*]" = "iPhone Developer";
				COPY_PHASE_STRIP = NO;
				DEBUG_INFORMATION_FORMAT = "dwarf-with-dsym";
				ENABLE_NS_ASSERTIONS = NO;
				ENABLE_STRICT_OBJC_MSGSEND = YES;
				GCC_C_LANGUAGE_STANDARD = gnu99;
				GCC_NO_COMMON_BLOCKS = YES;
				GCC_WARN_64_TO_32_BIT_CONVERSION = YES;
				GCC_WARN_ABOUT_RETURN_TYPE = YES_ERROR;
				GCC_WARN_UNDECLARED_SELECTOR = YES;
				GCC_WARN_UNINITIALIZED_AUTOS = YES_AGGRESSIVE;
				GCC_WARN_UNUSED_FUNCTION = YES;
				GCC_WARN_UNUSED_VARIABLE = YES;
				IPHONEOS_DEPLOYMENT_TARGET = 8.0;
				MTL_ENABLE_DEBUG_INFO = NO;
				SDKROOT = iphoneos;
				TARGETED_DEVICE_FAMILY = "1,2";
				VALIDATE_PRODUCT = YES;
			};
			name = Release;
		};
		D469123B1BAC03C40012CE7C /* Debug */ = {
			isa = XCBuildConfiguration;
			buildSettings = {
				ALWAYS_SEARCH_USER_PATHS = YES;
				ASSETCATALOG_COMPILER_APPICON_NAME = AppIcon;
				CLANG_ENABLE_MODULES = YES;
				CODE_SIGN_IDENTITY = "iPhone Developer";
				FRAMEWORK_SEARCH_PATHS = (
					"$(inherited)",
					"$(PROJECT_DIR)/Carthage/Build/iOS",
					"$(SRCROOT)/Carthage/Build/iOS/WebImage.framework",
					"$(PROJECT_DIR)",
				);
				GCC_PREPROCESSOR_DEFINITIONS = "SD_WEBP=1";
				INFOPLIST_FILE = piclet/Info.plist;
				IPHONEOS_DEPLOYMENT_TARGET = 8.0;
				LD_RUNPATH_SEARCH_PATHS = "$(inherited) @executable_path/Frameworks";
				OTHER_LDFLAGS = (
					"$(OTHER_LDFLAGS)",
					"-ObjC",
					"-lz",
				);
				PRODUCT_BUNDLE_IDENTIFIER = de.santoscorrea.piclet;
				PRODUCT_NAME = "$(TARGET_NAME)";
				SWIFT_INSTALL_OBJC_HEADER = YES;
				SWIFT_OBJC_BRIDGING_HEADER = "piclet/piclet-Bridging-Header.h";
				SWIFT_OBJC_INTERFACE_HEADER_NAME = "";
				SWIFT_OPTIMIZATION_LEVEL = "-Onone";
			};
			name = Debug;
		};
		D469123C1BAC03C40012CE7C /* Release */ = {
			isa = XCBuildConfiguration;
			buildSettings = {
				ALWAYS_SEARCH_USER_PATHS = YES;
				ASSETCATALOG_COMPILER_APPICON_NAME = AppIcon;
				CLANG_ENABLE_MODULES = YES;
				CODE_SIGN_IDENTITY = "iPhone Developer";
				FRAMEWORK_SEARCH_PATHS = (
					"$(inherited)",
					"$(PROJECT_DIR)/Carthage/Build/iOS",
					"$(SRCROOT)/Carthage/Build/iOS/WebImage.framework",
					"$(PROJECT_DIR)",
				);
				GCC_PREPROCESSOR_DEFINITIONS = "SD_WEBP=1";
				INFOPLIST_FILE = piclet/Info.plist;
				IPHONEOS_DEPLOYMENT_TARGET = 8.0;
				LD_RUNPATH_SEARCH_PATHS = "$(inherited) @executable_path/Frameworks";
				OTHER_LDFLAGS = (
					"$(OTHER_LDFLAGS)",
					"-ObjC",
					"-lz",
				);
				PRODUCT_BUNDLE_IDENTIFIER = de.santoscorrea.piclet;
				PRODUCT_NAME = "$(TARGET_NAME)";
				SWIFT_INSTALL_OBJC_HEADER = YES;
				SWIFT_OBJC_BRIDGING_HEADER = "piclet/piclet-Bridging-Header.h";
				SWIFT_OBJC_INTERFACE_HEADER_NAME = "";
			};
			name = Release;
		};
		D4BE34001C91DE2900483576 /* Debug */ = {
			isa = XCBuildConfiguration;
			buildSettings = {
				BUNDLE_LOADER = "$(TEST_HOST)";
				FRAMEWORK_SEARCH_PATHS = (
					"$(inherited)",
					"$(PROJECT_DIR)/Carthage/Build/iOS",
					"$(PROJECT_DIR)",
				);
				INFOPLIST_FILE = picletTests/Info.plist;
				IPHONEOS_DEPLOYMENT_TARGET = 9.2;
				LD_RUNPATH_SEARCH_PATHS = "$(inherited) @executable_path/Frameworks @loader_path/Frameworks";
				PRODUCT_BUNDLE_IDENTIFIER = de.santoscorrea.picletTests;
				PRODUCT_NAME = "$(TARGET_NAME)";
				SWIFT_OBJC_BRIDGING_HEADER = "piclet/piclet-Bridging-Header.h";
				TEST_HOST = "$(BUILT_PRODUCTS_DIR)/piclet.app/piclet";
			};
			name = Debug;
		};
		D4BE34011C91DE2900483576 /* Release */ = {
			isa = XCBuildConfiguration;
			buildSettings = {
				BUNDLE_LOADER = "$(TEST_HOST)";
				FRAMEWORK_SEARCH_PATHS = (
					"$(inherited)",
					"$(PROJECT_DIR)/Carthage/Build/iOS",
					"$(PROJECT_DIR)",
				);
				INFOPLIST_FILE = picletTests/Info.plist;
				IPHONEOS_DEPLOYMENT_TARGET = 9.2;
				LD_RUNPATH_SEARCH_PATHS = "$(inherited) @executable_path/Frameworks @loader_path/Frameworks";
				PRODUCT_BUNDLE_IDENTIFIER = de.santoscorrea.picletTests;
				PRODUCT_NAME = "$(TARGET_NAME)";
				SWIFT_OBJC_BRIDGING_HEADER = "piclet/piclet-Bridging-Header.h";
				TEST_HOST = "$(BUILT_PRODUCTS_DIR)/piclet.app/piclet";
			};
			name = Release;
		};
/* End XCBuildConfiguration section */

/* Begin XCConfigurationList section */
		D469120A1BAC03C30012CE7C /* Build configuration list for PBXProject "piclet" */ = {
			isa = XCConfigurationList;
			buildConfigurations = (
				D46912381BAC03C40012CE7C /* Debug */,
				D46912391BAC03C40012CE7C /* Release */,
			);
			defaultConfigurationIsVisible = 0;
			defaultConfigurationName = Release;
		};
		D469123A1BAC03C40012CE7C /* Build configuration list for PBXNativeTarget "piclet" */ = {
			isa = XCConfigurationList;
			buildConfigurations = (
				D469123B1BAC03C40012CE7C /* Debug */,
				D469123C1BAC03C40012CE7C /* Release */,
			);
			defaultConfigurationIsVisible = 0;
			defaultConfigurationName = Release;
		};
		D4BE33FF1C91DE2900483576 /* Build configuration list for PBXNativeTarget "picletTests" */ = {
			isa = XCConfigurationList;
			buildConfigurations = (
				D4BE34001C91DE2900483576 /* Debug */,
				D4BE34011C91DE2900483576 /* Release */,
			);
			defaultConfigurationIsVisible = 0;
			defaultConfigurationName = Release;
		};
/* End XCConfigurationList section */
	};
	rootObject = D46912071BAC03C30012CE7C /* Project object */;
}
